// !$*UTF8*$!
{
	archiveVersion = 1;
	classes = {
	};
	objectVersion = 55;
	objects = {

/* Begin PBXBuildFile section */
		2E49591128CA3311009473A8 /* Effects.swift in Sources */ = {isa = PBXBuildFile; fileRef = 2E49591028CA3311009473A8 /* Effects.swift */; };
		2E5D847228E4A0C200E12E31 /* ComposableArchitectureTestSupport.swift in Sources */ = {isa = PBXBuildFile; fileRef = 2E5D847128E4A0C200E12E31 /* ComposableArchitectureTestSupport.swift */; };
		2E6E430528BD1361000ED8AE /* Counter.docc in Sources */ = {isa = PBXBuildFile; fileRef = 2E6E430428BD1361000ED8AE /* Counter.docc */; };
		2E6E430B28BD1361000ED8AE /* Counter.framework in Frameworks */ = {isa = PBXBuildFile; fileRef = 2E6E430128BD1361000ED8AE /* Counter.framework */; };
		2E6E431228BD1361000ED8AE /* CounterTests.swift in Sources */ = {isa = PBXBuildFile; fileRef = 2E6E431128BD1361000ED8AE /* CounterTests.swift */; };
		2E6E431328BD1361000ED8AE /* Counter.h in Headers */ = {isa = PBXBuildFile; fileRef = 2E6E430328BD1361000ED8AE /* Counter.h */; settings = {ATTRIBUTES = (Public, ); }; };
		2E6E431628BD1361000ED8AE /* Counter.framework in Frameworks */ = {isa = PBXBuildFile; fileRef = 2E6E430128BD1361000ED8AE /* Counter.framework */; };
		2E6E431728BD1361000ED8AE /* Counter.framework in Embed Frameworks */ = {isa = PBXBuildFile; fileRef = 2E6E430128BD1361000ED8AE /* Counter.framework */; settings = {ATTRIBUTES = (CodeSignOnCopy, RemoveHeadersOnCopy, ); }; };
		2E6E432828BD138B000ED8AE /* PrimeModal.docc in Sources */ = {isa = PBXBuildFile; fileRef = 2E6E432728BD138B000ED8AE /* PrimeModal.docc */; };
		2E6E432E28BD138B000ED8AE /* PrimeModal.framework in Frameworks */ = {isa = PBXBuildFile; fileRef = 2E6E432428BD138B000ED8AE /* PrimeModal.framework */; };
		2E6E433528BD138B000ED8AE /* PrimeModalTests.swift in Sources */ = {isa = PBXBuildFile; fileRef = 2E6E433428BD138B000ED8AE /* PrimeModalTests.swift */; };
		2E6E433628BD138B000ED8AE /* PrimeModal.h in Headers */ = {isa = PBXBuildFile; fileRef = 2E6E432628BD138B000ED8AE /* PrimeModal.h */; settings = {ATTRIBUTES = (Public, ); }; };
		2E6E433928BD138B000ED8AE /* PrimeModal.framework in Frameworks */ = {isa = PBXBuildFile; fileRef = 2E6E432428BD138B000ED8AE /* PrimeModal.framework */; };
		2E6E433A28BD138B000ED8AE /* PrimeModal.framework in Embed Frameworks */ = {isa = PBXBuildFile; fileRef = 2E6E432428BD138B000ED8AE /* PrimeModal.framework */; settings = {ATTRIBUTES = (CodeSignOnCopy, RemoveHeadersOnCopy, ); }; };
		2E6E434A28BD139C000ED8AE /* FavoritesPrimes.docc in Sources */ = {isa = PBXBuildFile; fileRef = 2E6E434928BD139C000ED8AE /* FavoritesPrimes.docc */; };
		2E6E435028BD139C000ED8AE /* FavoritesPrimes.framework in Frameworks */ = {isa = PBXBuildFile; fileRef = 2E6E434628BD139C000ED8AE /* FavoritesPrimes.framework */; };
		2E6E435728BD139C000ED8AE /* FavoritesPrimesTests.swift in Sources */ = {isa = PBXBuildFile; fileRef = 2E6E435628BD139C000ED8AE /* FavoritesPrimesTests.swift */; };
		2E6E435828BD139C000ED8AE /* FavoritesPrimes.h in Headers */ = {isa = PBXBuildFile; fileRef = 2E6E434828BD139C000ED8AE /* FavoritesPrimes.h */; settings = {ATTRIBUTES = (Public, ); }; };
		2E6E435B28BD139C000ED8AE /* FavoritesPrimes.framework in Frameworks */ = {isa = PBXBuildFile; fileRef = 2E6E434628BD139C000ED8AE /* FavoritesPrimes.framework */; };
		2E6E435C28BD139C000ED8AE /* FavoritesPrimes.framework in Embed Frameworks */ = {isa = PBXBuildFile; fileRef = 2E6E434628BD139C000ED8AE /* FavoritesPrimes.framework */; settings = {ATTRIBUTES = (CodeSignOnCopy, RemoveHeadersOnCopy, ); }; };
		2E6E436C28BD13CD000ED8AE /* ComposableArchitecture.docc in Sources */ = {isa = PBXBuildFile; fileRef = 2E6E436B28BD13CD000ED8AE /* ComposableArchitecture.docc */; };
		2E6E437228BD13CD000ED8AE /* ComposableArchitecture.framework in Frameworks */ = {isa = PBXBuildFile; fileRef = 2E6E436828BD13CD000ED8AE /* ComposableArchitecture.framework */; };
		2E6E437928BD13CD000ED8AE /* ComposableArchitectureTests.swift in Sources */ = {isa = PBXBuildFile; fileRef = 2E6E437828BD13CD000ED8AE /* ComposableArchitectureTests.swift */; };
		2E6E437A28BD13CD000ED8AE /* ComposableArchitecture.h in Headers */ = {isa = PBXBuildFile; fileRef = 2E6E436A28BD13CD000ED8AE /* ComposableArchitecture.h */; settings = {ATTRIBUTES = (Public, ); }; };
		2E6E437D28BD13CD000ED8AE /* ComposableArchitecture.framework in Frameworks */ = {isa = PBXBuildFile; fileRef = 2E6E436828BD13CD000ED8AE /* ComposableArchitecture.framework */; };
		2E6E437E28BD13CD000ED8AE /* ComposableArchitecture.framework in Embed Frameworks */ = {isa = PBXBuildFile; fileRef = 2E6E436828BD13CD000ED8AE /* ComposableArchitecture.framework */; settings = {ATTRIBUTES = (CodeSignOnCopy, RemoveHeadersOnCopy, ); }; };
		2E6E438628BD13E7000ED8AE /* ComposableArchitecture.swift in Sources */ = {isa = PBXBuildFile; fileRef = 2E6E438528BD13E7000ED8AE /* ComposableArchitecture.swift */; };
		2E6E438828BD157A000ED8AE /* FavoritesPrimes.swift in Sources */ = {isa = PBXBuildFile; fileRef = 2E6E438728BD157A000ED8AE /* FavoritesPrimes.swift */; };
		2E6E438A28BD1886000ED8AE /* Counter.swift in Sources */ = {isa = PBXBuildFile; fileRef = 2E6E438928BD1886000ED8AE /* Counter.swift */; };
		2E6E438C28BD18D0000ED8AE /* PrimeModal.swift in Sources */ = {isa = PBXBuildFile; fileRef = 2E6E438B28BD18D0000ED8AE /* PrimeModal.swift */; };
		2E6E438D28BFAAAA000ED8AE /* FavoritesPrimesView.swift in Sources */ = {isa = PBXBuildFile; fileRef = 2E90E2BE28AEDF930068A806 /* FavoritesPrimesView.swift */; };
		2E6E438E28BFAB66000ED8AE /* IsPrimeModalShown.swift in Sources */ = {isa = PBXBuildFile; fileRef = 2E90E2B828AED89B0068A806 /* IsPrimeModalShown.swift */; };
		2E6E438F28BFAD01000ED8AE /* CounterView.swift in Sources */ = {isa = PBXBuildFile; fileRef = 2E90E2B628AED86B0068A806 /* CounterView.swift */; };
		2E6E439028BFAD2D000ED8AE /* Helpers.swift in Sources */ = {isa = PBXBuildFile; fileRef = 2E90E2BA28AED8EF0068A806 /* Helpers.swift */; };
		2E6E439128BFAD8E000ED8AE /* WolframAlpha.swift in Sources */ = {isa = PBXBuildFile; fileRef = 2E90E2BC28AED9160068A806 /* WolframAlpha.swift */; };
		2E865C3D28F081CB00D26A3A /* ComposableArchitectureTestSupport.swift in Sources */ = {isa = PBXBuildFile; fileRef = 2E865C3C28F081CB00D26A3A /* ComposableArchitectureTestSupport.swift */; };
		2E90E28D28AECA670068A806 /* StateManagementApp.swift in Sources */ = {isa = PBXBuildFile; fileRef = 2E90E28C28AECA670068A806 /* StateManagementApp.swift */; };
		2E90E28F28AECA670068A806 /* ContentView.swift in Sources */ = {isa = PBXBuildFile; fileRef = 2E90E28E28AECA670068A806 /* ContentView.swift */; };
		2E90E29128AECA670068A806 /* Assets.xcassets in Resources */ = {isa = PBXBuildFile; fileRef = 2E90E29028AECA670068A806 /* Assets.xcassets */; };
		2E90E29428AECA670068A806 /* Preview Assets.xcassets in Resources */ = {isa = PBXBuildFile; fileRef = 2E90E29328AECA670068A806 /* Preview Assets.xcassets */; };
		2E90E29E28AECA670068A806 /* StateManagementTests.swift in Sources */ = {isa = PBXBuildFile; fileRef = 2E90E29D28AECA670068A806 /* StateManagementTests.swift */; };
		2E90E2A828AECA670068A806 /* StateManagementUITests.swift in Sources */ = {isa = PBXBuildFile; fileRef = 2E90E2A728AECA670068A806 /* StateManagementUITests.swift */; };
		2E90E2AA28AECA670068A806 /* StateManagementUITestsLaunchTests.swift in Sources */ = {isa = PBXBuildFile; fileRef = 2E90E2A928AECA670068A806 /* StateManagementUITestsLaunchTests.swift */; };
		2EE6B47F28B68962004BC9A8 /* Actions.swift in Sources */ = {isa = PBXBuildFile; fileRef = 2EE6B47E28B68962004BC9A8 /* Actions.swift */; };
		2EE6B48128B6898C004BC9A8 /* Reducers.swift in Sources */ = {isa = PBXBuildFile; fileRef = 2EE6B48028B6898C004BC9A8 /* Reducers.swift */; };
		2EE6B48328B689BB004BC9A8 /* State.swift in Sources */ = {isa = PBXBuildFile; fileRef = 2EE6B48228B689BB004BC9A8 /* State.swift */; };
		2EE6B48628B9210A004BC9A8 /* Overture in Frameworks */ = {isa = PBXBuildFile; productRef = 2EE6B48528B9210A004BC9A8 /* Overture */; };
/* End PBXBuildFile section */

/* Begin PBXContainerItemProxy section */
		2E6E430C28BD1361000ED8AE /* PBXContainerItemProxy */ = {
			isa = PBXContainerItemProxy;
			containerPortal = 2E90E28128AECA670068A806 /* Project object */;
			proxyType = 1;
			remoteGlobalIDString = 2E6E430028BD1361000ED8AE;
			remoteInfo = Counter;
		};
		2E6E430E28BD1361000ED8AE /* PBXContainerItemProxy */ = {
			isa = PBXContainerItemProxy;
			containerPortal = 2E90E28128AECA670068A806 /* Project object */;
			proxyType = 1;
			remoteGlobalIDString = 2E90E28828AECA670068A806;
			remoteInfo = StateManagement;
		};
		2E6E431428BD1361000ED8AE /* PBXContainerItemProxy */ = {
			isa = PBXContainerItemProxy;
			containerPortal = 2E90E28128AECA670068A806 /* Project object */;
			proxyType = 1;
			remoteGlobalIDString = 2E6E430028BD1361000ED8AE;
			remoteInfo = Counter;
		};
		2E6E432F28BD138B000ED8AE /* PBXContainerItemProxy */ = {
			isa = PBXContainerItemProxy;
			containerPortal = 2E90E28128AECA670068A806 /* Project object */;
			proxyType = 1;
			remoteGlobalIDString = 2E6E432328BD138B000ED8AE;
			remoteInfo = PrimeModal;
		};
		2E6E433128BD138B000ED8AE /* PBXContainerItemProxy */ = {
			isa = PBXContainerItemProxy;
			containerPortal = 2E90E28128AECA670068A806 /* Project object */;
			proxyType = 1;
			remoteGlobalIDString = 2E90E28828AECA670068A806;
			remoteInfo = StateManagement;
		};
		2E6E433728BD138B000ED8AE /* PBXContainerItemProxy */ = {
			isa = PBXContainerItemProxy;
			containerPortal = 2E90E28128AECA670068A806 /* Project object */;
			proxyType = 1;
			remoteGlobalIDString = 2E6E432328BD138B000ED8AE;
			remoteInfo = PrimeModal;
		};
		2E6E435128BD139C000ED8AE /* PBXContainerItemProxy */ = {
			isa = PBXContainerItemProxy;
			containerPortal = 2E90E28128AECA670068A806 /* Project object */;
			proxyType = 1;
			remoteGlobalIDString = 2E6E434528BD139C000ED8AE;
			remoteInfo = FavoritesPrimes;
		};
		2E6E435328BD139C000ED8AE /* PBXContainerItemProxy */ = {
			isa = PBXContainerItemProxy;
			containerPortal = 2E90E28128AECA670068A806 /* Project object */;
			proxyType = 1;
			remoteGlobalIDString = 2E90E28828AECA670068A806;
			remoteInfo = StateManagement;
		};
		2E6E435928BD139C000ED8AE /* PBXContainerItemProxy */ = {
			isa = PBXContainerItemProxy;
			containerPortal = 2E90E28128AECA670068A806 /* Project object */;
			proxyType = 1;
			remoteGlobalIDString = 2E6E434528BD139C000ED8AE;
			remoteInfo = FavoritesPrimes;
		};
		2E6E437328BD13CD000ED8AE /* PBXContainerItemProxy */ = {
			isa = PBXContainerItemProxy;
			containerPortal = 2E90E28128AECA670068A806 /* Project object */;
			proxyType = 1;
			remoteGlobalIDString = 2E6E436728BD13CD000ED8AE;
			remoteInfo = ComposableArchitecture;
		};
		2E6E437528BD13CD000ED8AE /* PBXContainerItemProxy */ = {
			isa = PBXContainerItemProxy;
			containerPortal = 2E90E28128AECA670068A806 /* Project object */;
			proxyType = 1;
			remoteGlobalIDString = 2E90E28828AECA670068A806;
			remoteInfo = StateManagement;
		};
		2E6E437B28BD13CD000ED8AE /* PBXContainerItemProxy */ = {
			isa = PBXContainerItemProxy;
			containerPortal = 2E90E28128AECA670068A806 /* Project object */;
			proxyType = 1;
			remoteGlobalIDString = 2E6E436728BD13CD000ED8AE;
			remoteInfo = ComposableArchitecture;
		};
		2E90E29A28AECA670068A806 /* PBXContainerItemProxy */ = {
			isa = PBXContainerItemProxy;
			containerPortal = 2E90E28128AECA670068A806 /* Project object */;
			proxyType = 1;
			remoteGlobalIDString = 2E90E28828AECA670068A806;
			remoteInfo = StateManagement;
		};
		2E90E2A428AECA670068A806 /* PBXContainerItemProxy */ = {
			isa = PBXContainerItemProxy;
			containerPortal = 2E90E28128AECA670068A806 /* Project object */;
			proxyType = 1;
			remoteGlobalIDString = 2E90E28828AECA670068A806;
			remoteInfo = StateManagement;
		};
/* End PBXContainerItemProxy section */

/* Begin PBXCopyFilesBuildPhase section */
		2E6E431828BD1361000ED8AE /* Embed Frameworks */ = {
			isa = PBXCopyFilesBuildPhase;
			buildActionMask = 2147483647;
			dstPath = "";
			dstSubfolderSpec = 10;
			files = (
				2E6E437E28BD13CD000ED8AE /* ComposableArchitecture.framework in Embed Frameworks */,
				2E6E433A28BD138B000ED8AE /* PrimeModal.framework in Embed Frameworks */,
				2E6E431728BD1361000ED8AE /* Counter.framework in Embed Frameworks */,
				2E6E435C28BD139C000ED8AE /* FavoritesPrimes.framework in Embed Frameworks */,
			);
			name = "Embed Frameworks";
			runOnlyForDeploymentPostprocessing = 0;
		};
/* End PBXCopyFilesBuildPhase section */

/* Begin PBXFileReference section */
		2E49591028CA3311009473A8 /* Effects.swift */ = {isa = PBXFileReference; lastKnownFileType = sourcecode.swift; path = Effects.swift; sourceTree = "<group>"; };
		2E5D847128E4A0C200E12E31 /* ComposableArchitectureTestSupport.swift */ = {isa = PBXFileReference; lastKnownFileType = sourcecode.swift; path = ComposableArchitectureTestSupport.swift; sourceTree = "<group>"; };
		2E6E430128BD1361000ED8AE /* Counter.framework */ = {isa = PBXFileReference; explicitFileType = wrapper.framework; includeInIndex = 0; path = Counter.framework; sourceTree = BUILT_PRODUCTS_DIR; };
		2E6E430328BD1361000ED8AE /* Counter.h */ = {isa = PBXFileReference; lastKnownFileType = sourcecode.c.h; path = Counter.h; sourceTree = "<group>"; };
		2E6E430428BD1361000ED8AE /* Counter.docc */ = {isa = PBXFileReference; lastKnownFileType = folder.documentationcatalog; path = Counter.docc; sourceTree = "<group>"; };
		2E6E430A28BD1361000ED8AE /* CounterTests.xctest */ = {isa = PBXFileReference; explicitFileType = wrapper.cfbundle; includeInIndex = 0; path = CounterTests.xctest; sourceTree = BUILT_PRODUCTS_DIR; };
		2E6E431128BD1361000ED8AE /* CounterTests.swift */ = {isa = PBXFileReference; lastKnownFileType = sourcecode.swift; path = CounterTests.swift; sourceTree = "<group>"; };
		2E6E432428BD138B000ED8AE /* PrimeModal.framework */ = {isa = PBXFileReference; explicitFileType = wrapper.framework; includeInIndex = 0; path = PrimeModal.framework; sourceTree = BUILT_PRODUCTS_DIR; };
		2E6E432628BD138B000ED8AE /* PrimeModal.h */ = {isa = PBXFileReference; lastKnownFileType = sourcecode.c.h; path = PrimeModal.h; sourceTree = "<group>"; };
		2E6E432728BD138B000ED8AE /* PrimeModal.docc */ = {isa = PBXFileReference; lastKnownFileType = folder.documentationcatalog; path = PrimeModal.docc; sourceTree = "<group>"; };
		2E6E432D28BD138B000ED8AE /* PrimeModalTests.xctest */ = {isa = PBXFileReference; explicitFileType = wrapper.cfbundle; includeInIndex = 0; path = PrimeModalTests.xctest; sourceTree = BUILT_PRODUCTS_DIR; };
		2E6E433428BD138B000ED8AE /* PrimeModalTests.swift */ = {isa = PBXFileReference; lastKnownFileType = sourcecode.swift; path = PrimeModalTests.swift; sourceTree = "<group>"; };
		2E6E434628BD139C000ED8AE /* FavoritesPrimes.framework */ = {isa = PBXFileReference; explicitFileType = wrapper.framework; includeInIndex = 0; path = FavoritesPrimes.framework; sourceTree = BUILT_PRODUCTS_DIR; };
		2E6E434828BD139C000ED8AE /* FavoritesPrimes.h */ = {isa = PBXFileReference; lastKnownFileType = sourcecode.c.h; path = FavoritesPrimes.h; sourceTree = "<group>"; };
		2E6E434928BD139C000ED8AE /* FavoritesPrimes.docc */ = {isa = PBXFileReference; lastKnownFileType = folder.documentationcatalog; path = FavoritesPrimes.docc; sourceTree = "<group>"; };
		2E6E434F28BD139C000ED8AE /* FavoritesPrimesTests.xctest */ = {isa = PBXFileReference; explicitFileType = wrapper.cfbundle; includeInIndex = 0; path = FavoritesPrimesTests.xctest; sourceTree = BUILT_PRODUCTS_DIR; };
		2E6E435628BD139C000ED8AE /* FavoritesPrimesTests.swift */ = {isa = PBXFileReference; lastKnownFileType = sourcecode.swift; path = FavoritesPrimesTests.swift; sourceTree = "<group>"; };
		2E6E436828BD13CD000ED8AE /* ComposableArchitecture.framework */ = {isa = PBXFileReference; explicitFileType = wrapper.framework; includeInIndex = 0; path = ComposableArchitecture.framework; sourceTree = BUILT_PRODUCTS_DIR; };
		2E6E436A28BD13CD000ED8AE /* ComposableArchitecture.h */ = {isa = PBXFileReference; lastKnownFileType = sourcecode.c.h; path = ComposableArchitecture.h; sourceTree = "<group>"; };
		2E6E436B28BD13CD000ED8AE /* ComposableArchitecture.docc */ = {isa = PBXFileReference; lastKnownFileType = folder.documentationcatalog; path = ComposableArchitecture.docc; sourceTree = "<group>"; };
		2E6E437128BD13CD000ED8AE /* ComposableArchitectureTests.xctest */ = {isa = PBXFileReference; explicitFileType = wrapper.cfbundle; includeInIndex = 0; path = ComposableArchitectureTests.xctest; sourceTree = BUILT_PRODUCTS_DIR; };
		2E6E437828BD13CD000ED8AE /* ComposableArchitectureTests.swift */ = {isa = PBXFileReference; lastKnownFileType = sourcecode.swift; path = ComposableArchitectureTests.swift; sourceTree = "<group>"; };
		2E6E438528BD13E7000ED8AE /* ComposableArchitecture.swift */ = {isa = PBXFileReference; lastKnownFileType = sourcecode.swift; path = ComposableArchitecture.swift; sourceTree = "<group>"; };
		2E6E438728BD157A000ED8AE /* FavoritesPrimes.swift */ = {isa = PBXFileReference; lastKnownFileType = sourcecode.swift; path = FavoritesPrimes.swift; sourceTree = "<group>"; };
		2E6E438928BD1886000ED8AE /* Counter.swift */ = {isa = PBXFileReference; lastKnownFileType = sourcecode.swift; path = Counter.swift; sourceTree = "<group>"; };
		2E6E438B28BD18D0000ED8AE /* PrimeModal.swift */ = {isa = PBXFileReference; lastKnownFileType = sourcecode.swift; path = PrimeModal.swift; sourceTree = "<group>"; };
		2E865C3C28F081CB00D26A3A /* ComposableArchitectureTestSupport.swift */ = {isa = PBXFileReference; lastKnownFileType = sourcecode.swift; path = ComposableArchitectureTestSupport.swift; sourceTree = "<group>"; };
		2E90E28928AECA670068A806 /* StateManagement.app */ = {isa = PBXFileReference; explicitFileType = wrapper.application; includeInIndex = 0; path = StateManagement.app; sourceTree = BUILT_PRODUCTS_DIR; };
		2E90E28C28AECA670068A806 /* StateManagementApp.swift */ = {isa = PBXFileReference; lastKnownFileType = sourcecode.swift; path = StateManagementApp.swift; sourceTree = "<group>"; };
		2E90E28E28AECA670068A806 /* ContentView.swift */ = {isa = PBXFileReference; lastKnownFileType = sourcecode.swift; path = ContentView.swift; sourceTree = "<group>"; };
		2E90E29028AECA670068A806 /* Assets.xcassets */ = {isa = PBXFileReference; lastKnownFileType = folder.assetcatalog; path = Assets.xcassets; sourceTree = "<group>"; };
		2E90E29328AECA670068A806 /* Preview Assets.xcassets */ = {isa = PBXFileReference; lastKnownFileType = folder.assetcatalog; path = "Preview Assets.xcassets"; sourceTree = "<group>"; };
		2E90E29928AECA670068A806 /* StateManagementTests.xctest */ = {isa = PBXFileReference; explicitFileType = wrapper.cfbundle; includeInIndex = 0; path = StateManagementTests.xctest; sourceTree = BUILT_PRODUCTS_DIR; };
		2E90E29D28AECA670068A806 /* StateManagementTests.swift */ = {isa = PBXFileReference; lastKnownFileType = sourcecode.swift; path = StateManagementTests.swift; sourceTree = "<group>"; };
		2E90E2A328AECA670068A806 /* StateManagementUITests.xctest */ = {isa = PBXFileReference; explicitFileType = wrapper.cfbundle; includeInIndex = 0; path = StateManagementUITests.xctest; sourceTree = BUILT_PRODUCTS_DIR; };
		2E90E2A728AECA670068A806 /* StateManagementUITests.swift */ = {isa = PBXFileReference; lastKnownFileType = sourcecode.swift; path = StateManagementUITests.swift; sourceTree = "<group>"; };
		2E90E2A928AECA670068A806 /* StateManagementUITestsLaunchTests.swift */ = {isa = PBXFileReference; lastKnownFileType = sourcecode.swift; path = StateManagementUITestsLaunchTests.swift; sourceTree = "<group>"; };
		2E90E2B628AED86B0068A806 /* CounterView.swift */ = {isa = PBXFileReference; lastKnownFileType = sourcecode.swift; path = CounterView.swift; sourceTree = "<group>"; };
		2E90E2B828AED89B0068A806 /* IsPrimeModalShown.swift */ = {isa = PBXFileReference; lastKnownFileType = sourcecode.swift; path = IsPrimeModalShown.swift; sourceTree = "<group>"; };
		2E90E2BA28AED8EF0068A806 /* Helpers.swift */ = {isa = PBXFileReference; lastKnownFileType = sourcecode.swift; path = Helpers.swift; sourceTree = "<group>"; };
		2E90E2BC28AED9160068A806 /* WolframAlpha.swift */ = {isa = PBXFileReference; lastKnownFileType = sourcecode.swift; path = WolframAlpha.swift; sourceTree = "<group>"; };
		2E90E2BE28AEDF930068A806 /* FavoritesPrimesView.swift */ = {isa = PBXFileReference; lastKnownFileType = sourcecode.swift; path = FavoritesPrimesView.swift; sourceTree = "<group>"; };
		2EE6B47E28B68962004BC9A8 /* Actions.swift */ = {isa = PBXFileReference; lastKnownFileType = sourcecode.swift; path = Actions.swift; sourceTree = "<group>"; };
		2EE6B48028B6898C004BC9A8 /* Reducers.swift */ = {isa = PBXFileReference; lastKnownFileType = sourcecode.swift; path = Reducers.swift; sourceTree = "<group>"; };
		2EE6B48228B689BB004BC9A8 /* State.swift */ = {isa = PBXFileReference; lastKnownFileType = sourcecode.swift; path = State.swift; sourceTree = "<group>"; };
/* End PBXFileReference section */

/* Begin PBXFrameworksBuildPhase section */
		2E6E42FE28BD1361000ED8AE /* Frameworks */ = {
			isa = PBXFrameworksBuildPhase;
			buildActionMask = 2147483647;
			files = (
			);
			runOnlyForDeploymentPostprocessing = 0;
		};
		2E6E430728BD1361000ED8AE /* Frameworks */ = {
			isa = PBXFrameworksBuildPhase;
			buildActionMask = 2147483647;
			files = (
				2E6E430B28BD1361000ED8AE /* Counter.framework in Frameworks */,
			);
			runOnlyForDeploymentPostprocessing = 0;
		};
		2E6E432128BD138B000ED8AE /* Frameworks */ = {
			isa = PBXFrameworksBuildPhase;
			buildActionMask = 2147483647;
			files = (
			);
			runOnlyForDeploymentPostprocessing = 0;
		};
		2E6E432A28BD138B000ED8AE /* Frameworks */ = {
			isa = PBXFrameworksBuildPhase;
			buildActionMask = 2147483647;
			files = (
				2E6E432E28BD138B000ED8AE /* PrimeModal.framework in Frameworks */,
			);
			runOnlyForDeploymentPostprocessing = 0;
		};
		2E6E434328BD139C000ED8AE /* Frameworks */ = {
			isa = PBXFrameworksBuildPhase;
			buildActionMask = 2147483647;
			files = (
			);
			runOnlyForDeploymentPostprocessing = 0;
		};
		2E6E434C28BD139C000ED8AE /* Frameworks */ = {
			isa = PBXFrameworksBuildPhase;
			buildActionMask = 2147483647;
			files = (
				2E6E435028BD139C000ED8AE /* FavoritesPrimes.framework in Frameworks */,
			);
			runOnlyForDeploymentPostprocessing = 0;
		};
		2E6E436528BD13CD000ED8AE /* Frameworks */ = {
			isa = PBXFrameworksBuildPhase;
			buildActionMask = 2147483647;
			files = (
			);
			runOnlyForDeploymentPostprocessing = 0;
		};
		2E6E436E28BD13CD000ED8AE /* Frameworks */ = {
			isa = PBXFrameworksBuildPhase;
			buildActionMask = 2147483647;
			files = (
				2E6E437228BD13CD000ED8AE /* ComposableArchitecture.framework in Frameworks */,
			);
			runOnlyForDeploymentPostprocessing = 0;
		};
		2E90E28628AECA670068A806 /* Frameworks */ = {
			isa = PBXFrameworksBuildPhase;
			buildActionMask = 2147483647;
			files = (
				2E6E437D28BD13CD000ED8AE /* ComposableArchitecture.framework in Frameworks */,
				2E6E433928BD138B000ED8AE /* PrimeModal.framework in Frameworks */,
				2E6E435B28BD139C000ED8AE /* FavoritesPrimes.framework in Frameworks */,
				2E6E431628BD1361000ED8AE /* Counter.framework in Frameworks */,
				2EE6B48628B9210A004BC9A8 /* Overture in Frameworks */,
			);
			runOnlyForDeploymentPostprocessing = 0;
		};
		2E90E29628AECA670068A806 /* Frameworks */ = {
			isa = PBXFrameworksBuildPhase;
			buildActionMask = 2147483647;
			files = (
			);
			runOnlyForDeploymentPostprocessing = 0;
		};
		2E90E2A028AECA670068A806 /* Frameworks */ = {
			isa = PBXFrameworksBuildPhase;
			buildActionMask = 2147483647;
			files = (
			);
			runOnlyForDeploymentPostprocessing = 0;
		};
/* End PBXFrameworksBuildPhase section */

/* Begin PBXGroup section */
		2E6E430228BD1361000ED8AE /* Counter */ = {
			isa = PBXGroup;
			children = (
				2E6E430328BD1361000ED8AE /* Counter.h */,
				2E6E430428BD1361000ED8AE /* Counter.docc */,
				2E6E438928BD1886000ED8AE /* Counter.swift */,
				2E90E2B628AED86B0068A806 /* CounterView.swift */,
				2E90E2BA28AED8EF0068A806 /* Helpers.swift */,
				2E90E2BC28AED9160068A806 /* WolframAlpha.swift */,
			);
			path = Counter;
			sourceTree = "<group>";
		};
		2E6E431028BD1361000ED8AE /* CounterTests */ = {
			isa = PBXGroup;
			children = (
				2E6E431128BD1361000ED8AE /* CounterTests.swift */,
				2E5D847128E4A0C200E12E31 /* ComposableArchitectureTestSupport.swift */,
			);
			path = CounterTests;
			sourceTree = "<group>";
		};
		2E6E432528BD138B000ED8AE /* PrimeModal */ = {
			isa = PBXGroup;
			children = (
				2E6E432628BD138B000ED8AE /* PrimeModal.h */,
				2E6E432728BD138B000ED8AE /* PrimeModal.docc */,
				2E6E438B28BD18D0000ED8AE /* PrimeModal.swift */,
				2E90E2B828AED89B0068A806 /* IsPrimeModalShown.swift */,
			);
			path = PrimeModal;
			sourceTree = "<group>";
		};
		2E6E433328BD138B000ED8AE /* PrimeModalTests */ = {
			isa = PBXGroup;
			children = (
				2E6E433428BD138B000ED8AE /* PrimeModalTests.swift */,
			);
			path = PrimeModalTests;
			sourceTree = "<group>";
		};
		2E6E434728BD139C000ED8AE /* FavoritesPrimes */ = {
			isa = PBXGroup;
			children = (
				2E6E434828BD139C000ED8AE /* FavoritesPrimes.h */,
				2E6E434928BD139C000ED8AE /* FavoritesPrimes.docc */,
				2E6E438728BD157A000ED8AE /* FavoritesPrimes.swift */,
				2E90E2BE28AEDF930068A806 /* FavoritesPrimesView.swift */,
			);
			path = FavoritesPrimes;
			sourceTree = "<group>";
		};
		2E6E435528BD139C000ED8AE /* FavoritesPrimesTests */ = {
			isa = PBXGroup;
			children = (
				2E6E435628BD139C000ED8AE /* FavoritesPrimesTests.swift */,
			);
			path = FavoritesPrimesTests;
			sourceTree = "<group>";
		};
		2E6E436928BD13CD000ED8AE /* ComposableArchitecture */ = {
			isa = PBXGroup;
			children = (
				2E6E436A28BD13CD000ED8AE /* ComposableArchitecture.h */,
				2E6E436B28BD13CD000ED8AE /* ComposableArchitecture.docc */,
				2E6E438528BD13E7000ED8AE /* ComposableArchitecture.swift */,
				2E49591028CA3311009473A8 /* Effects.swift */,
			);
			path = ComposableArchitecture;
			sourceTree = "<group>";
		};
		2E6E437728BD13CD000ED8AE /* ComposableArchitectureTests */ = {
			isa = PBXGroup;
			children = (
				2E6E437828BD13CD000ED8AE /* ComposableArchitectureTests.swift */,
			);
			path = ComposableArchitectureTests;
			sourceTree = "<group>";
		};
		2E90E28028AECA670068A806 = {
			isa = PBXGroup;
			children = (
				2E90E28B28AECA670068A806 /* StateManagement */,
				2E90E29C28AECA670068A806 /* StateManagementTests */,
				2E90E2A628AECA670068A806 /* StateManagementUITests */,
				2E6E430228BD1361000ED8AE /* Counter */,
				2E6E431028BD1361000ED8AE /* CounterTests */,
				2E6E432528BD138B000ED8AE /* PrimeModal */,
				2E6E433328BD138B000ED8AE /* PrimeModalTests */,
				2E6E434728BD139C000ED8AE /* FavoritesPrimes */,
				2E6E435528BD139C000ED8AE /* FavoritesPrimesTests */,
				2E6E436928BD13CD000ED8AE /* ComposableArchitecture */,
				2E6E437728BD13CD000ED8AE /* ComposableArchitectureTests */,
				2E90E28A28AECA670068A806 /* Products */,
			);
			sourceTree = "<group>";
		};
		2E90E28A28AECA670068A806 /* Products */ = {
			isa = PBXGroup;
			children = (
				2E90E28928AECA670068A806 /* StateManagement.app */,
				2E90E29928AECA670068A806 /* StateManagementTests.xctest */,
				2E90E2A328AECA670068A806 /* StateManagementUITests.xctest */,
				2E6E430128BD1361000ED8AE /* Counter.framework */,
				2E6E430A28BD1361000ED8AE /* CounterTests.xctest */,
				2E6E432428BD138B000ED8AE /* PrimeModal.framework */,
				2E6E432D28BD138B000ED8AE /* PrimeModalTests.xctest */,
				2E6E434628BD139C000ED8AE /* FavoritesPrimes.framework */,
				2E6E434F28BD139C000ED8AE /* FavoritesPrimesTests.xctest */,
				2E6E436828BD13CD000ED8AE /* ComposableArchitecture.framework */,
				2E6E437128BD13CD000ED8AE /* ComposableArchitectureTests.xctest */,
			);
			name = Products;
			sourceTree = "<group>";
		};
		2E90E28B28AECA670068A806 /* StateManagement */ = {
			isa = PBXGroup;
			children = (
				2E90E28C28AECA670068A806 /* StateManagementApp.swift */,
				2EE6B47E28B68962004BC9A8 /* Actions.swift */,
				2EE6B48028B6898C004BC9A8 /* Reducers.swift */,
				2EE6B48228B689BB004BC9A8 /* State.swift */,
				2E90E28E28AECA670068A806 /* ContentView.swift */,
				2E90E29028AECA670068A806 /* Assets.xcassets */,
				2E90E29228AECA670068A806 /* Preview Content */,
			);
			path = StateManagement;
			sourceTree = "<group>";
		};
		2E90E29228AECA670068A806 /* Preview Content */ = {
			isa = PBXGroup;
			children = (
				2E90E29328AECA670068A806 /* Preview Assets.xcassets */,
			);
			path = "Preview Content";
			sourceTree = "<group>";
		};
		2E90E29C28AECA670068A806 /* StateManagementTests */ = {
			isa = PBXGroup;
			children = (
				2E90E29D28AECA670068A806 /* StateManagementTests.swift */,
				2E865C3C28F081CB00D26A3A /* ComposableArchitectureTestSupport.swift */,
			);
			path = StateManagementTests;
			sourceTree = "<group>";
		};
		2E90E2A628AECA670068A806 /* StateManagementUITests */ = {
			isa = PBXGroup;
			children = (
				2E90E2A728AECA670068A806 /* StateManagementUITests.swift */,
				2E90E2A928AECA670068A806 /* StateManagementUITestsLaunchTests.swift */,
			);
			path = StateManagementUITests;
			sourceTree = "<group>";
		};
/* End PBXGroup section */

/* Begin PBXHeadersBuildPhase section */
		2E6E42FC28BD1361000ED8AE /* Headers */ = {
			isa = PBXHeadersBuildPhase;
			buildActionMask = 2147483647;
			files = (
				2E6E431328BD1361000ED8AE /* Counter.h in Headers */,
			);
			runOnlyForDeploymentPostprocessing = 0;
		};
		2E6E431F28BD138B000ED8AE /* Headers */ = {
			isa = PBXHeadersBuildPhase;
			buildActionMask = 2147483647;
			files = (
				2E6E433628BD138B000ED8AE /* PrimeModal.h in Headers */,
			);
			runOnlyForDeploymentPostprocessing = 0;
		};
		2E6E434128BD139C000ED8AE /* Headers */ = {
			isa = PBXHeadersBuildPhase;
			buildActionMask = 2147483647;
			files = (
				2E6E435828BD139C000ED8AE /* FavoritesPrimes.h in Headers */,
			);
			runOnlyForDeploymentPostprocessing = 0;
		};
		2E6E436328BD13CD000ED8AE /* Headers */ = {
			isa = PBXHeadersBuildPhase;
			buildActionMask = 2147483647;
			files = (
				2E6E437A28BD13CD000ED8AE /* ComposableArchitecture.h in Headers */,
			);
			runOnlyForDeploymentPostprocessing = 0;
		};
/* End PBXHeadersBuildPhase section */

/* Begin PBXNativeTarget section */
		2E6E430028BD1361000ED8AE /* Counter */ = {
			isa = PBXNativeTarget;
			buildConfigurationList = 2E6E431D28BD1361000ED8AE /* Build configuration list for PBXNativeTarget "Counter" */;
			buildPhases = (
				2E6E42FC28BD1361000ED8AE /* Headers */,
				2E6E42FD28BD1361000ED8AE /* Sources */,
				2E6E42FE28BD1361000ED8AE /* Frameworks */,
				2E6E42FF28BD1361000ED8AE /* Resources */,
			);
			buildRules = (
			);
			dependencies = (
			);
			name = Counter;
			productName = Counter;
			productReference = 2E6E430128BD1361000ED8AE /* Counter.framework */;
			productType = "com.apple.product-type.framework";
		};
		2E6E430928BD1361000ED8AE /* CounterTests */ = {
			isa = PBXNativeTarget;
			buildConfigurationList = 2E6E431E28BD1361000ED8AE /* Build configuration list for PBXNativeTarget "CounterTests" */;
			buildPhases = (
				2E6E430628BD1361000ED8AE /* Sources */,
				2E6E430728BD1361000ED8AE /* Frameworks */,
				2E6E430828BD1361000ED8AE /* Resources */,
			);
			buildRules = (
			);
			dependencies = (
				2E6E430D28BD1361000ED8AE /* PBXTargetDependency */,
				2E6E430F28BD1361000ED8AE /* PBXTargetDependency */,
			);
			name = CounterTests;
			productName = CounterTests;
			productReference = 2E6E430A28BD1361000ED8AE /* CounterTests.xctest */;
			productType = "com.apple.product-type.bundle.unit-test";
		};
		2E6E432328BD138B000ED8AE /* PrimeModal */ = {
			isa = PBXNativeTarget;
			buildConfigurationList = 2E6E433B28BD138B000ED8AE /* Build configuration list for PBXNativeTarget "PrimeModal" */;
			buildPhases = (
				2E6E431F28BD138B000ED8AE /* Headers */,
				2E6E432028BD138B000ED8AE /* Sources */,
				2E6E432128BD138B000ED8AE /* Frameworks */,
				2E6E432228BD138B000ED8AE /* Resources */,
			);
			buildRules = (
			);
			dependencies = (
			);
			name = PrimeModal;
			productName = PrimeModal;
			productReference = 2E6E432428BD138B000ED8AE /* PrimeModal.framework */;
			productType = "com.apple.product-type.framework";
		};
		2E6E432C28BD138B000ED8AE /* PrimeModalTests */ = {
			isa = PBXNativeTarget;
			buildConfigurationList = 2E6E433E28BD138B000ED8AE /* Build configuration list for PBXNativeTarget "PrimeModalTests" */;
			buildPhases = (
				2E6E432928BD138B000ED8AE /* Sources */,
				2E6E432A28BD138B000ED8AE /* Frameworks */,
				2E6E432B28BD138B000ED8AE /* Resources */,
			);
			buildRules = (
			);
			dependencies = (
				2E6E433028BD138B000ED8AE /* PBXTargetDependency */,
				2E6E433228BD138B000ED8AE /* PBXTargetDependency */,
			);
			name = PrimeModalTests;
			productName = PrimeModalTests;
			productReference = 2E6E432D28BD138B000ED8AE /* PrimeModalTests.xctest */;
			productType = "com.apple.product-type.bundle.unit-test";
		};
		2E6E434528BD139C000ED8AE /* FavoritesPrimes */ = {
			isa = PBXNativeTarget;
			buildConfigurationList = 2E6E435D28BD139C000ED8AE /* Build configuration list for PBXNativeTarget "FavoritesPrimes" */;
			buildPhases = (
				2E6E434128BD139C000ED8AE /* Headers */,
				2E6E434228BD139C000ED8AE /* Sources */,
				2E6E434328BD139C000ED8AE /* Frameworks */,
				2E6E434428BD139C000ED8AE /* Resources */,
			);
			buildRules = (
			);
			dependencies = (
			);
			name = FavoritesPrimes;
			productName = FavoritesPrimes;
			productReference = 2E6E434628BD139C000ED8AE /* FavoritesPrimes.framework */;
			productType = "com.apple.product-type.framework";
		};
		2E6E434E28BD139C000ED8AE /* FavoritesPrimesTests */ = {
			isa = PBXNativeTarget;
			buildConfigurationList = 2E6E436028BD139C000ED8AE /* Build configuration list for PBXNativeTarget "FavoritesPrimesTests" */;
			buildPhases = (
				2E6E434B28BD139C000ED8AE /* Sources */,
				2E6E434C28BD139C000ED8AE /* Frameworks */,
				2E6E434D28BD139C000ED8AE /* Resources */,
			);
			buildRules = (
			);
			dependencies = (
				2E6E435228BD139C000ED8AE /* PBXTargetDependency */,
				2E6E435428BD139C000ED8AE /* PBXTargetDependency */,
			);
			name = FavoritesPrimesTests;
			productName = FavoritesPrimesTests;
			productReference = 2E6E434F28BD139C000ED8AE /* FavoritesPrimesTests.xctest */;
			productType = "com.apple.product-type.bundle.unit-test";
		};
		2E6E436728BD13CD000ED8AE /* ComposableArchitecture */ = {
			isa = PBXNativeTarget;
			buildConfigurationList = 2E6E437F28BD13CD000ED8AE /* Build configuration list for PBXNativeTarget "ComposableArchitecture" */;
			buildPhases = (
				2E6E436328BD13CD000ED8AE /* Headers */,
				2E6E436428BD13CD000ED8AE /* Sources */,
				2E6E436528BD13CD000ED8AE /* Frameworks */,
				2E6E436628BD13CD000ED8AE /* Resources */,
			);
			buildRules = (
			);
			dependencies = (
			);
			name = ComposableArchitecture;
			productName = ComposableArchitecture;
			productReference = 2E6E436828BD13CD000ED8AE /* ComposableArchitecture.framework */;
			productType = "com.apple.product-type.framework";
		};
		2E6E437028BD13CD000ED8AE /* ComposableArchitectureTests */ = {
			isa = PBXNativeTarget;
			buildConfigurationList = 2E6E438228BD13CD000ED8AE /* Build configuration list for PBXNativeTarget "ComposableArchitectureTests" */;
			buildPhases = (
				2E6E436D28BD13CD000ED8AE /* Sources */,
				2E6E436E28BD13CD000ED8AE /* Frameworks */,
				2E6E436F28BD13CD000ED8AE /* Resources */,
			);
			buildRules = (
			);
			dependencies = (
				2E6E437428BD13CD000ED8AE /* PBXTargetDependency */,
				2E6E437628BD13CD000ED8AE /* PBXTargetDependency */,
			);
			name = ComposableArchitectureTests;
			productName = ComposableArchitectureTests;
			productReference = 2E6E437128BD13CD000ED8AE /* ComposableArchitectureTests.xctest */;
			productType = "com.apple.product-type.bundle.unit-test";
		};
		2E90E28828AECA670068A806 /* StateManagement */ = {
			isa = PBXNativeTarget;
			buildConfigurationList = 2E90E2AD28AECA670068A806 /* Build configuration list for PBXNativeTarget "StateManagement" */;
			buildPhases = (
				2E90E28528AECA670068A806 /* Sources */,
				2E90E28628AECA670068A806 /* Frameworks */,
				2E90E28728AECA670068A806 /* Resources */,
				2E6E431828BD1361000ED8AE /* Embed Frameworks */,
			);
			buildRules = (
			);
			dependencies = (
				2E6E437C28BD13CD000ED8AE /* PBXTargetDependency */,
				2E6E433828BD138B000ED8AE /* PBXTargetDependency */,
				2E6E431528BD1361000ED8AE /* PBXTargetDependency */,
				2E6E435A28BD139C000ED8AE /* PBXTargetDependency */,
			);
			name = StateManagement;
			packageProductDependencies = (
				2EE6B48528B9210A004BC9A8 /* Overture */,
			);
			productName = StateManagement;
			productReference = 2E90E28928AECA670068A806 /* StateManagement.app */;
			productType = "com.apple.product-type.application";
		};
		2E90E29828AECA670068A806 /* StateManagementTests */ = {
			isa = PBXNativeTarget;
			buildConfigurationList = 2E90E2B028AECA670068A806 /* Build configuration list for PBXNativeTarget "StateManagementTests" */;
			buildPhases = (
				2E90E29528AECA670068A806 /* Sources */,
				2E90E29628AECA670068A806 /* Frameworks */,
				2E90E29728AECA670068A806 /* Resources */,
			);
			buildRules = (
			);
			dependencies = (
				2E90E29B28AECA670068A806 /* PBXTargetDependency */,
			);
			name = StateManagementTests;
			productName = StateManagementTests;
			productReference = 2E90E29928AECA670068A806 /* StateManagementTests.xctest */;
			productType = "com.apple.product-type.bundle.unit-test";
		};
		2E90E2A228AECA670068A806 /* StateManagementUITests */ = {
			isa = PBXNativeTarget;
			buildConfigurationList = 2E90E2B328AECA670068A806 /* Build configuration list for PBXNativeTarget "StateManagementUITests" */;
			buildPhases = (
				2E90E29F28AECA670068A806 /* Sources */,
				2E90E2A028AECA670068A806 /* Frameworks */,
				2E90E2A128AECA670068A806 /* Resources */,
			);
			buildRules = (
			);
			dependencies = (
				2E90E2A528AECA670068A806 /* PBXTargetDependency */,
			);
			name = StateManagementUITests;
			productName = StateManagementUITests;
			productReference = 2E90E2A328AECA670068A806 /* StateManagementUITests.xctest */;
			productType = "com.apple.product-type.bundle.ui-testing";
		};
/* End PBXNativeTarget section */

/* Begin PBXProject section */
		2E90E28128AECA670068A806 /* Project object */ = {
			isa = PBXProject;
			attributes = {
				BuildIndependentTargetsInParallel = 1;
				LastSwiftUpdateCheck = 1340;
				LastUpgradeCheck = 1340;
				TargetAttributes = {
					2E6E430028BD1361000ED8AE = {
						CreatedOnToolsVersion = 13.4.1;
					};
					2E6E430928BD1361000ED8AE = {
						CreatedOnToolsVersion = 13.4.1;
					};
					2E6E432328BD138B000ED8AE = {
						CreatedOnToolsVersion = 13.4.1;
					};
					2E6E432C28BD138B000ED8AE = {
						CreatedOnToolsVersion = 13.4.1;
					};
					2E6E434528BD139C000ED8AE = {
						CreatedOnToolsVersion = 13.4.1;
					};
					2E6E434E28BD139C000ED8AE = {
						CreatedOnToolsVersion = 13.4.1;
					};
					2E6E436728BD13CD000ED8AE = {
						CreatedOnToolsVersion = 13.4.1;
					};
					2E6E437028BD13CD000ED8AE = {
						CreatedOnToolsVersion = 13.4.1;
					};
					2E90E28828AECA670068A806 = {
						CreatedOnToolsVersion = 13.4.1;
					};
					2E90E29828AECA670068A806 = {
						CreatedOnToolsVersion = 13.4.1;
						TestTargetID = 2E90E28828AECA670068A806;
					};
					2E90E2A228AECA670068A806 = {
						CreatedOnToolsVersion = 13.4.1;
						TestTargetID = 2E90E28828AECA670068A806;
					};
				};
			};
			buildConfigurationList = 2E90E28428AECA670068A806 /* Build configuration list for PBXProject "StateManagement" */;
			compatibilityVersion = "Xcode 13.0";
			developmentRegion = en;
			hasScannedForEncodings = 0;
			knownRegions = (
				en,
				Base,
			);
			mainGroup = 2E90E28028AECA670068A806;
			packageReferences = (
				2EE6B48428B9210A004BC9A8 /* XCRemoteSwiftPackageReference "swift-overture" */,
			);
			productRefGroup = 2E90E28A28AECA670068A806 /* Products */;
			projectDirPath = "";
			projectRoot = "";
			targets = (
				2E90E28828AECA670068A806 /* StateManagement */,
				2E90E29828AECA670068A806 /* StateManagementTests */,
				2E90E2A228AECA670068A806 /* StateManagementUITests */,
				2E6E430028BD1361000ED8AE /* Counter */,
				2E6E430928BD1361000ED8AE /* CounterTests */,
				2E6E432328BD138B000ED8AE /* PrimeModal */,
				2E6E432C28BD138B000ED8AE /* PrimeModalTests */,
				2E6E434528BD139C000ED8AE /* FavoritesPrimes */,
				2E6E434E28BD139C000ED8AE /* FavoritesPrimesTests */,
				2E6E436728BD13CD000ED8AE /* ComposableArchitecture */,
				2E6E437028BD13CD000ED8AE /* ComposableArchitectureTests */,
			);
		};
/* End PBXProject section */

/* Begin PBXResourcesBuildPhase section */
		2E6E42FF28BD1361000ED8AE /* Resources */ = {
			isa = PBXResourcesBuildPhase;
			buildActionMask = 2147483647;
			files = (
			);
			runOnlyForDeploymentPostprocessing = 0;
		};
		2E6E430828BD1361000ED8AE /* Resources */ = {
			isa = PBXResourcesBuildPhase;
			buildActionMask = 2147483647;
			files = (
			);
			runOnlyForDeploymentPostprocessing = 0;
		};
		2E6E432228BD138B000ED8AE /* Resources */ = {
			isa = PBXResourcesBuildPhase;
			buildActionMask = 2147483647;
			files = (
			);
			runOnlyForDeploymentPostprocessing = 0;
		};
		2E6E432B28BD138B000ED8AE /* Resources */ = {
			isa = PBXResourcesBuildPhase;
			buildActionMask = 2147483647;
			files = (
			);
			runOnlyForDeploymentPostprocessing = 0;
		};
		2E6E434428BD139C000ED8AE /* Resources */ = {
			isa = PBXResourcesBuildPhase;
			buildActionMask = 2147483647;
			files = (
			);
			runOnlyForDeploymentPostprocessing = 0;
		};
		2E6E434D28BD139C000ED8AE /* Resources */ = {
			isa = PBXResourcesBuildPhase;
			buildActionMask = 2147483647;
			files = (
			);
			runOnlyForDeploymentPostprocessing = 0;
		};
		2E6E436628BD13CD000ED8AE /* Resources */ = {
			isa = PBXResourcesBuildPhase;
			buildActionMask = 2147483647;
			files = (
			);
			runOnlyForDeploymentPostprocessing = 0;
		};
		2E6E436F28BD13CD000ED8AE /* Resources */ = {
			isa = PBXResourcesBuildPhase;
			buildActionMask = 2147483647;
			files = (
			);
			runOnlyForDeploymentPostprocessing = 0;
		};
		2E90E28728AECA670068A806 /* Resources */ = {
			isa = PBXResourcesBuildPhase;
			buildActionMask = 2147483647;
			files = (
				2E90E29428AECA670068A806 /* Preview Assets.xcassets in Resources */,
				2E90E29128AECA670068A806 /* Assets.xcassets in Resources */,
			);
			runOnlyForDeploymentPostprocessing = 0;
		};
		2E90E29728AECA670068A806 /* Resources */ = {
			isa = PBXResourcesBuildPhase;
			buildActionMask = 2147483647;
			files = (
			);
			runOnlyForDeploymentPostprocessing = 0;
		};
		2E90E2A128AECA670068A806 /* Resources */ = {
			isa = PBXResourcesBuildPhase;
			buildActionMask = 2147483647;
			files = (
			);
			runOnlyForDeploymentPostprocessing = 0;
		};
/* End PBXResourcesBuildPhase section */

/* Begin PBXSourcesBuildPhase section */
		2E6E42FD28BD1361000ED8AE /* Sources */ = {
			isa = PBXSourcesBuildPhase;
			buildActionMask = 2147483647;
			files = (
				2E6E438A28BD1886000ED8AE /* Counter.swift in Sources */,
				2E6E430528BD1361000ED8AE /* Counter.docc in Sources */,
				2E6E438F28BFAD01000ED8AE /* CounterView.swift in Sources */,
				2E6E439028BFAD2D000ED8AE /* Helpers.swift in Sources */,
				2E6E439128BFAD8E000ED8AE /* WolframAlpha.swift in Sources */,
			);
			runOnlyForDeploymentPostprocessing = 0;
		};
		2E6E430628BD1361000ED8AE /* Sources */ = {
			isa = PBXSourcesBuildPhase;
			buildActionMask = 2147483647;
			files = (
				2E6E431228BD1361000ED8AE /* CounterTests.swift in Sources */,
				2E5D847228E4A0C200E12E31 /* ComposableArchitectureTestSupport.swift in Sources */,
			);
			runOnlyForDeploymentPostprocessing = 0;
		};
		2E6E432028BD138B000ED8AE /* Sources */ = {
			isa = PBXSourcesBuildPhase;
			buildActionMask = 2147483647;
			files = (
				2E6E432828BD138B000ED8AE /* PrimeModal.docc in Sources */,
				2E6E438C28BD18D0000ED8AE /* PrimeModal.swift in Sources */,
				2E6E438E28BFAB66000ED8AE /* IsPrimeModalShown.swift in Sources */,
			);
			runOnlyForDeploymentPostprocessing = 0;
		};
		2E6E432928BD138B000ED8AE /* Sources */ = {
			isa = PBXSourcesBuildPhase;
			buildActionMask = 2147483647;
			files = (
				2E6E433528BD138B000ED8AE /* PrimeModalTests.swift in Sources */,
			);
			runOnlyForDeploymentPostprocessing = 0;
		};
		2E6E434228BD139C000ED8AE /* Sources */ = {
			isa = PBXSourcesBuildPhase;
			buildActionMask = 2147483647;
			files = (
				2E6E434A28BD139C000ED8AE /* FavoritesPrimes.docc in Sources */,
				2E6E438828BD157A000ED8AE /* FavoritesPrimes.swift in Sources */,
				2E6E438D28BFAAAA000ED8AE /* FavoritesPrimesView.swift in Sources */,
			);
			runOnlyForDeploymentPostprocessing = 0;
		};
		2E6E434B28BD139C000ED8AE /* Sources */ = {
			isa = PBXSourcesBuildPhase;
			buildActionMask = 2147483647;
			files = (
				2E6E435728BD139C000ED8AE /* FavoritesPrimesTests.swift in Sources */,
			);
			runOnlyForDeploymentPostprocessing = 0;
		};
		2E6E436428BD13CD000ED8AE /* Sources */ = {
			isa = PBXSourcesBuildPhase;
			buildActionMask = 2147483647;
			files = (
				2E6E436C28BD13CD000ED8AE /* ComposableArchitecture.docc in Sources */,
				2E49591128CA3311009473A8 /* Effects.swift in Sources */,
				2E6E438628BD13E7000ED8AE /* ComposableArchitecture.swift in Sources */,
			);
			runOnlyForDeploymentPostprocessing = 0;
		};
		2E6E436D28BD13CD000ED8AE /* Sources */ = {
			isa = PBXSourcesBuildPhase;
			buildActionMask = 2147483647;
			files = (
				2E6E437928BD13CD000ED8AE /* ComposableArchitectureTests.swift in Sources */,
			);
			runOnlyForDeploymentPostprocessing = 0;
		};
		2E90E28528AECA670068A806 /* Sources */ = {
			isa = PBXSourcesBuildPhase;
			buildActionMask = 2147483647;
			files = (
				2E90E28F28AECA670068A806 /* ContentView.swift in Sources */,
				2EE6B47F28B68962004BC9A8 /* Actions.swift in Sources */,
				2E90E28D28AECA670068A806 /* StateManagementApp.swift in Sources */,
				2EE6B48328B689BB004BC9A8 /* State.swift in Sources */,
				2EE6B48128B6898C004BC9A8 /* Reducers.swift in Sources */,
			);
			runOnlyForDeploymentPostprocessing = 0;
		};
		2E90E29528AECA670068A806 /* Sources */ = {
			isa = PBXSourcesBuildPhase;
			buildActionMask = 2147483647;
			files = (
				2E90E29E28AECA670068A806 /* StateManagementTests.swift in Sources */,
				2E865C3D28F081CB00D26A3A /* ComposableArchitectureTestSupport.swift in Sources */,
			);
			runOnlyForDeploymentPostprocessing = 0;
		};
		2E90E29F28AECA670068A806 /* Sources */ = {
			isa = PBXSourcesBuildPhase;
			buildActionMask = 2147483647;
			files = (
				2E90E2A828AECA670068A806 /* StateManagementUITests.swift in Sources */,
				2E90E2AA28AECA670068A806 /* StateManagementUITestsLaunchTests.swift in Sources */,
			);
			runOnlyForDeploymentPostprocessing = 0;
		};
/* End PBXSourcesBuildPhase section */

/* Begin PBXTargetDependency section */
		2E6E430D28BD1361000ED8AE /* PBXTargetDependency */ = {
			isa = PBXTargetDependency;
			target = 2E6E430028BD1361000ED8AE /* Counter */;
			targetProxy = 2E6E430C28BD1361000ED8AE /* PBXContainerItemProxy */;
		};
		2E6E430F28BD1361000ED8AE /* PBXTargetDependency */ = {
			isa = PBXTargetDependency;
			target = 2E90E28828AECA670068A806 /* StateManagement */;
			targetProxy = 2E6E430E28BD1361000ED8AE /* PBXContainerItemProxy */;
		};
		2E6E431528BD1361000ED8AE /* PBXTargetDependency */ = {
			isa = PBXTargetDependency;
			target = 2E6E430028BD1361000ED8AE /* Counter */;
			targetProxy = 2E6E431428BD1361000ED8AE /* PBXContainerItemProxy */;
		};
		2E6E433028BD138B000ED8AE /* PBXTargetDependency */ = {
			isa = PBXTargetDependency;
			target = 2E6E432328BD138B000ED8AE /* PrimeModal */;
			targetProxy = 2E6E432F28BD138B000ED8AE /* PBXContainerItemProxy */;
		};
		2E6E433228BD138B000ED8AE /* PBXTargetDependency */ = {
			isa = PBXTargetDependency;
			target = 2E90E28828AECA670068A806 /* StateManagement */;
			targetProxy = 2E6E433128BD138B000ED8AE /* PBXContainerItemProxy */;
		};
		2E6E433828BD138B000ED8AE /* PBXTargetDependency */ = {
			isa = PBXTargetDependency;
			target = 2E6E432328BD138B000ED8AE /* PrimeModal */;
			targetProxy = 2E6E433728BD138B000ED8AE /* PBXContainerItemProxy */;
		};
		2E6E435228BD139C000ED8AE /* PBXTargetDependency */ = {
			isa = PBXTargetDependency;
			target = 2E6E434528BD139C000ED8AE /* FavoritesPrimes */;
			targetProxy = 2E6E435128BD139C000ED8AE /* PBXContainerItemProxy */;
		};
		2E6E435428BD139C000ED8AE /* PBXTargetDependency */ = {
			isa = PBXTargetDependency;
			target = 2E90E28828AECA670068A806 /* StateManagement */;
			targetProxy = 2E6E435328BD139C000ED8AE /* PBXContainerItemProxy */;
		};
		2E6E435A28BD139C000ED8AE /* PBXTargetDependency */ = {
			isa = PBXTargetDependency;
			target = 2E6E434528BD139C000ED8AE /* FavoritesPrimes */;
			targetProxy = 2E6E435928BD139C000ED8AE /* PBXContainerItemProxy */;
		};
		2E6E437428BD13CD000ED8AE /* PBXTargetDependency */ = {
			isa = PBXTargetDependency;
			target = 2E6E436728BD13CD000ED8AE /* ComposableArchitecture */;
			targetProxy = 2E6E437328BD13CD000ED8AE /* PBXContainerItemProxy */;
		};
		2E6E437628BD13CD000ED8AE /* PBXTargetDependency */ = {
			isa = PBXTargetDependency;
			target = 2E90E28828AECA670068A806 /* StateManagement */;
			targetProxy = 2E6E437528BD13CD000ED8AE /* PBXContainerItemProxy */;
		};
		2E6E437C28BD13CD000ED8AE /* PBXTargetDependency */ = {
			isa = PBXTargetDependency;
			target = 2E6E436728BD13CD000ED8AE /* ComposableArchitecture */;
			targetProxy = 2E6E437B28BD13CD000ED8AE /* PBXContainerItemProxy */;
		};
		2E90E29B28AECA670068A806 /* PBXTargetDependency */ = {
			isa = PBXTargetDependency;
			target = 2E90E28828AECA670068A806 /* StateManagement */;
			targetProxy = 2E90E29A28AECA670068A806 /* PBXContainerItemProxy */;
		};
		2E90E2A528AECA670068A806 /* PBXTargetDependency */ = {
			isa = PBXTargetDependency;
			target = 2E90E28828AECA670068A806 /* StateManagement */;
			targetProxy = 2E90E2A428AECA670068A806 /* PBXContainerItemProxy */;
		};
/* End PBXTargetDependency section */

/* Begin XCBuildConfiguration section */
		2E6E431928BD1361000ED8AE /* Debug */ = {
			isa = XCBuildConfiguration;
			buildSettings = {
				CODE_SIGN_STYLE = Automatic;
				CURRENT_PROJECT_VERSION = 1;
				DEFINES_MODULE = YES;
				DEVELOPMENT_TEAM = 8Y2NMD7UXB;
				DYLIB_COMPATIBILITY_VERSION = 1;
				DYLIB_CURRENT_VERSION = 1;
				DYLIB_INSTALL_NAME_BASE = "@rpath";
				GENERATE_INFOPLIST_FILE = YES;
				INFOPLIST_KEY_NSHumanReadableCopyright = "";
				INSTALL_PATH = "$(LOCAL_LIBRARY_DIR)/Frameworks";
				LD_RUNPATH_SEARCH_PATHS = (
					"$(inherited)",
					"@executable_path/Frameworks",
					"@loader_path/Frameworks",
				);
				MARKETING_VERSION = 1.0;
				PRODUCT_BUNDLE_IDENTIFIER = "com.lramirezsuarez.pointfree.composable-architecture.Counter";
				PRODUCT_NAME = "$(TARGET_NAME:c99extidentifier)";
				SKIP_INSTALL = YES;
				SWIFT_EMIT_LOC_STRINGS = YES;
				SWIFT_VERSION = 5.0;
				TARGETED_DEVICE_FAMILY = "1,2";
				VERSIONING_SYSTEM = "apple-generic";
				VERSION_INFO_PREFIX = "";
			};
			name = Debug;
		};
		2E6E431A28BD1361000ED8AE /* Release */ = {
			isa = XCBuildConfiguration;
			buildSettings = {
				CODE_SIGN_STYLE = Automatic;
				CURRENT_PROJECT_VERSION = 1;
				DEFINES_MODULE = YES;
				DEVELOPMENT_TEAM = 8Y2NMD7UXB;
				DYLIB_COMPATIBILITY_VERSION = 1;
				DYLIB_CURRENT_VERSION = 1;
				DYLIB_INSTALL_NAME_BASE = "@rpath";
				GENERATE_INFOPLIST_FILE = YES;
				INFOPLIST_KEY_NSHumanReadableCopyright = "";
				INSTALL_PATH = "$(LOCAL_LIBRARY_DIR)/Frameworks";
				LD_RUNPATH_SEARCH_PATHS = (
					"$(inherited)",
					"@executable_path/Frameworks",
					"@loader_path/Frameworks",
				);
				MARKETING_VERSION = 1.0;
				PRODUCT_BUNDLE_IDENTIFIER = "com.lramirezsuarez.pointfree.composable-architecture.Counter";
				PRODUCT_NAME = "$(TARGET_NAME:c99extidentifier)";
				SKIP_INSTALL = YES;
				SWIFT_EMIT_LOC_STRINGS = YES;
				SWIFT_VERSION = 5.0;
				TARGETED_DEVICE_FAMILY = "1,2";
				VERSIONING_SYSTEM = "apple-generic";
				VERSION_INFO_PREFIX = "";
			};
			name = Release;
		};
		2E6E431B28BD1361000ED8AE /* Debug */ = {
			isa = XCBuildConfiguration;
			buildSettings = {
				ALWAYS_EMBED_SWIFT_STANDARD_LIBRARIES = YES;
				CODE_SIGN_STYLE = Automatic;
				CURRENT_PROJECT_VERSION = 1;
				DEVELOPMENT_TEAM = 8Y2NMD7UXB;
				GENERATE_INFOPLIST_FILE = YES;
				MARKETING_VERSION = 1.0;
				PRODUCT_BUNDLE_IDENTIFIER = "com.lramirezsuarez.pointfree.composable-architecture.CounterTests";
				PRODUCT_NAME = "$(TARGET_NAME)";
				SWIFT_EMIT_LOC_STRINGS = NO;
				SWIFT_VERSION = 5.0;
				TARGETED_DEVICE_FAMILY = "1,2";
			};
			name = Debug;
		};
		2E6E431C28BD1361000ED8AE /* Release */ = {
			isa = XCBuildConfiguration;
			buildSettings = {
				ALWAYS_EMBED_SWIFT_STANDARD_LIBRARIES = YES;
				CODE_SIGN_STYLE = Automatic;
				CURRENT_PROJECT_VERSION = 1;
				DEVELOPMENT_TEAM = 8Y2NMD7UXB;
				GENERATE_INFOPLIST_FILE = YES;
				MARKETING_VERSION = 1.0;
				PRODUCT_BUNDLE_IDENTIFIER = "com.lramirezsuarez.pointfree.composable-architecture.CounterTests";
				PRODUCT_NAME = "$(TARGET_NAME)";
				SWIFT_EMIT_LOC_STRINGS = NO;
				SWIFT_VERSION = 5.0;
				TARGETED_DEVICE_FAMILY = "1,2";
			};
			name = Release;
		};
		2E6E433C28BD138B000ED8AE /* Debug */ = {
			isa = XCBuildConfiguration;
			buildSettings = {
				CODE_SIGN_STYLE = Automatic;
				CURRENT_PROJECT_VERSION = 1;
				DEFINES_MODULE = YES;
				DEVELOPMENT_TEAM = 8Y2NMD7UXB;
				DYLIB_COMPATIBILITY_VERSION = 1;
				DYLIB_CURRENT_VERSION = 1;
				DYLIB_INSTALL_NAME_BASE = "@rpath";
				GENERATE_INFOPLIST_FILE = YES;
				INFOPLIST_KEY_NSHumanReadableCopyright = "";
				INSTALL_PATH = "$(LOCAL_LIBRARY_DIR)/Frameworks";
				LD_RUNPATH_SEARCH_PATHS = (
					"$(inherited)",
					"@executable_path/Frameworks",
					"@loader_path/Frameworks",
				);
				MARKETING_VERSION = 1.0;
				PRODUCT_BUNDLE_IDENTIFIER = "com.lramirezsuarez.pointfree.composable-architecture.PrimeModal";
				PRODUCT_NAME = "$(TARGET_NAME:c99extidentifier)";
				SKIP_INSTALL = YES;
				SWIFT_EMIT_LOC_STRINGS = YES;
				SWIFT_VERSION = 5.0;
				TARGETED_DEVICE_FAMILY = "1,2";
				VERSIONING_SYSTEM = "apple-generic";
				VERSION_INFO_PREFIX = "";
			};
			name = Debug;
		};
		2E6E433D28BD138B000ED8AE /* Release */ = {
			isa = XCBuildConfiguration;
			buildSettings = {
				CODE_SIGN_STYLE = Automatic;
				CURRENT_PROJECT_VERSION = 1;
				DEFINES_MODULE = YES;
				DEVELOPMENT_TEAM = 8Y2NMD7UXB;
				DYLIB_COMPATIBILITY_VERSION = 1;
				DYLIB_CURRENT_VERSION = 1;
				DYLIB_INSTALL_NAME_BASE = "@rpath";
				GENERATE_INFOPLIST_FILE = YES;
				INFOPLIST_KEY_NSHumanReadableCopyright = "";
				INSTALL_PATH = "$(LOCAL_LIBRARY_DIR)/Frameworks";
				LD_RUNPATH_SEARCH_PATHS = (
					"$(inherited)",
					"@executable_path/Frameworks",
					"@loader_path/Frameworks",
				);
				MARKETING_VERSION = 1.0;
				PRODUCT_BUNDLE_IDENTIFIER = "com.lramirezsuarez.pointfree.composable-architecture.PrimeModal";
				PRODUCT_NAME = "$(TARGET_NAME:c99extidentifier)";
				SKIP_INSTALL = YES;
				SWIFT_EMIT_LOC_STRINGS = YES;
				SWIFT_VERSION = 5.0;
				TARGETED_DEVICE_FAMILY = "1,2";
				VERSIONING_SYSTEM = "apple-generic";
				VERSION_INFO_PREFIX = "";
			};
			name = Release;
		};
		2E6E433F28BD138B000ED8AE /* Debug */ = {
			isa = XCBuildConfiguration;
			buildSettings = {
				ALWAYS_EMBED_SWIFT_STANDARD_LIBRARIES = YES;
				CODE_SIGN_STYLE = Automatic;
				CURRENT_PROJECT_VERSION = 1;
				DEVELOPMENT_TEAM = 8Y2NMD7UXB;
				GENERATE_INFOPLIST_FILE = YES;
				MARKETING_VERSION = 1.0;
				PRODUCT_BUNDLE_IDENTIFIER = "com.lramirezsuarez.pointfree.composable-architecture.PrimeModalTests";
				PRODUCT_NAME = "$(TARGET_NAME)";
				SWIFT_EMIT_LOC_STRINGS = NO;
				SWIFT_VERSION = 5.0;
				TARGETED_DEVICE_FAMILY = "1,2";
			};
			name = Debug;
		};
		2E6E434028BD138B000ED8AE /* Release */ = {
			isa = XCBuildConfiguration;
			buildSettings = {
				ALWAYS_EMBED_SWIFT_STANDARD_LIBRARIES = YES;
				CODE_SIGN_STYLE = Automatic;
				CURRENT_PROJECT_VERSION = 1;
				DEVELOPMENT_TEAM = 8Y2NMD7UXB;
				GENERATE_INFOPLIST_FILE = YES;
				MARKETING_VERSION = 1.0;
				PRODUCT_BUNDLE_IDENTIFIER = "com.lramirezsuarez.pointfree.composable-architecture.PrimeModalTests";
				PRODUCT_NAME = "$(TARGET_NAME)";
				SWIFT_EMIT_LOC_STRINGS = NO;
				SWIFT_VERSION = 5.0;
				TARGETED_DEVICE_FAMILY = "1,2";
			};
			name = Release;
		};
		2E6E435E28BD139C000ED8AE /* Debug */ = {
			isa = XCBuildConfiguration;
			buildSettings = {
				CODE_SIGN_STYLE = Automatic;
				CURRENT_PROJECT_VERSION = 1;
				DEFINES_MODULE = YES;
				DEVELOPMENT_TEAM = 8Y2NMD7UXB;
				DYLIB_COMPATIBILITY_VERSION = 1;
				DYLIB_CURRENT_VERSION = 1;
				DYLIB_INSTALL_NAME_BASE = "@rpath";
				GENERATE_INFOPLIST_FILE = YES;
				INFOPLIST_KEY_NSHumanReadableCopyright = "";
				INSTALL_PATH = "$(LOCAL_LIBRARY_DIR)/Frameworks";
				LD_RUNPATH_SEARCH_PATHS = (
					"$(inherited)",
					"@executable_path/Frameworks",
					"@loader_path/Frameworks",
				);
				MARKETING_VERSION = 1.0;
				PRODUCT_BUNDLE_IDENTIFIER = "com.lramirezsuarez.pointfree.composable-architecture.FavoritesPrimes";
				PRODUCT_NAME = "$(TARGET_NAME:c99extidentifier)";
				SKIP_INSTALL = YES;
				SWIFT_EMIT_LOC_STRINGS = YES;
				SWIFT_VERSION = 5.0;
				TARGETED_DEVICE_FAMILY = "1,2";
				VERSIONING_SYSTEM = "apple-generic";
				VERSION_INFO_PREFIX = "";
			};
			name = Debug;
		};
		2E6E435F28BD139C000ED8AE /* Release */ = {
			isa = XCBuildConfiguration;
			buildSettings = {
				CODE_SIGN_STYLE = Automatic;
				CURRENT_PROJECT_VERSION = 1;
				DEFINES_MODULE = YES;
				DEVELOPMENT_TEAM = 8Y2NMD7UXB;
				DYLIB_COMPATIBILITY_VERSION = 1;
				DYLIB_CURRENT_VERSION = 1;
				DYLIB_INSTALL_NAME_BASE = "@rpath";
				GENERATE_INFOPLIST_FILE = YES;
				INFOPLIST_KEY_NSHumanReadableCopyright = "";
				INSTALL_PATH = "$(LOCAL_LIBRARY_DIR)/Frameworks";
				LD_RUNPATH_SEARCH_PATHS = (
					"$(inherited)",
					"@executable_path/Frameworks",
					"@loader_path/Frameworks",
				);
				MARKETING_VERSION = 1.0;
				PRODUCT_BUNDLE_IDENTIFIER = "com.lramirezsuarez.pointfree.composable-architecture.FavoritesPrimes";
				PRODUCT_NAME = "$(TARGET_NAME:c99extidentifier)";
				SKIP_INSTALL = YES;
				SWIFT_EMIT_LOC_STRINGS = YES;
				SWIFT_VERSION = 5.0;
				TARGETED_DEVICE_FAMILY = "1,2";
				VERSIONING_SYSTEM = "apple-generic";
				VERSION_INFO_PREFIX = "";
			};
			name = Release;
		};
		2E6E436128BD139C000ED8AE /* Debug */ = {
			isa = XCBuildConfiguration;
			buildSettings = {
				ALWAYS_EMBED_SWIFT_STANDARD_LIBRARIES = YES;
				CODE_SIGN_STYLE = Automatic;
				CURRENT_PROJECT_VERSION = 1;
				DEVELOPMENT_TEAM = 8Y2NMD7UXB;
				GENERATE_INFOPLIST_FILE = YES;
				MARKETING_VERSION = 1.0;
				PRODUCT_BUNDLE_IDENTIFIER = "com.lramirezsuarez.pointfree.composable-architecture.FavoritesPrimesTests";
				PRODUCT_NAME = "$(TARGET_NAME)";
				SWIFT_EMIT_LOC_STRINGS = NO;
				SWIFT_VERSION = 5.0;
				TARGETED_DEVICE_FAMILY = "1,2";
			};
			name = Debug;
		};
		2E6E436228BD139C000ED8AE /* Release */ = {
			isa = XCBuildConfiguration;
			buildSettings = {
				ALWAYS_EMBED_SWIFT_STANDARD_LIBRARIES = YES;
				CODE_SIGN_STYLE = Automatic;
				CURRENT_PROJECT_VERSION = 1;
				DEVELOPMENT_TEAM = 8Y2NMD7UXB;
				GENERATE_INFOPLIST_FILE = YES;
				MARKETING_VERSION = 1.0;
				PRODUCT_BUNDLE_IDENTIFIER = "com.lramirezsuarez.pointfree.composable-architecture.FavoritesPrimesTests";
				PRODUCT_NAME = "$(TARGET_NAME)";
				SWIFT_EMIT_LOC_STRINGS = NO;
				SWIFT_VERSION = 5.0;
				TARGETED_DEVICE_FAMILY = "1,2";
			};
			name = Release;
		};
		2E6E438028BD13CD000ED8AE /* Debug */ = {
			isa = XCBuildConfiguration;
			buildSettings = {
				CODE_SIGN_STYLE = Automatic;
				CURRENT_PROJECT_VERSION = 1;
				DEFINES_MODULE = YES;
				DEVELOPMENT_TEAM = 8Y2NMD7UXB;
				DYLIB_COMPATIBILITY_VERSION = 1;
				DYLIB_CURRENT_VERSION = 1;
				DYLIB_INSTALL_NAME_BASE = "@rpath";
				GENERATE_INFOPLIST_FILE = YES;
				INFOPLIST_KEY_NSHumanReadableCopyright = "";
				INSTALL_PATH = "$(LOCAL_LIBRARY_DIR)/Frameworks";
				LD_RUNPATH_SEARCH_PATHS = (
					"$(inherited)",
					"@executable_path/Frameworks",
					"@loader_path/Frameworks",
				);
				MARKETING_VERSION = 1.0;
				PRODUCT_BUNDLE_IDENTIFIER = "com.lramirezsuarez.pointfree.composable-architecture.ComposableArchitecture";
				PRODUCT_NAME = "$(TARGET_NAME:c99extidentifier)";
				SKIP_INSTALL = YES;
				SWIFT_EMIT_LOC_STRINGS = YES;
				SWIFT_VERSION = 5.0;
				TARGETED_DEVICE_FAMILY = "1,2";
				VERSIONING_SYSTEM = "apple-generic";
				VERSION_INFO_PREFIX = "";
			};
			name = Debug;
		};
		2E6E438128BD13CD000ED8AE /* Release */ = {
			isa = XCBuildConfiguration;
			buildSettings = {
				CODE_SIGN_STYLE = Automatic;
				CURRENT_PROJECT_VERSION = 1;
				DEFINES_MODULE = YES;
				DEVELOPMENT_TEAM = 8Y2NMD7UXB;
				DYLIB_COMPATIBILITY_VERSION = 1;
				DYLIB_CURRENT_VERSION = 1;
				DYLIB_INSTALL_NAME_BASE = "@rpath";
				GENERATE_INFOPLIST_FILE = YES;
				INFOPLIST_KEY_NSHumanReadableCopyright = "";
				INSTALL_PATH = "$(LOCAL_LIBRARY_DIR)/Frameworks";
				LD_RUNPATH_SEARCH_PATHS = (
					"$(inherited)",
					"@executable_path/Frameworks",
					"@loader_path/Frameworks",
				);
				MARKETING_VERSION = 1.0;
				PRODUCT_BUNDLE_IDENTIFIER = "com.lramirezsuarez.pointfree.composable-architecture.ComposableArchitecture";
				PRODUCT_NAME = "$(TARGET_NAME:c99extidentifier)";
				SKIP_INSTALL = YES;
				SWIFT_EMIT_LOC_STRINGS = YES;
				SWIFT_VERSION = 5.0;
				TARGETED_DEVICE_FAMILY = "1,2";
				VERSIONING_SYSTEM = "apple-generic";
				VERSION_INFO_PREFIX = "";
			};
			name = Release;
		};
		2E6E438328BD13CD000ED8AE /* Debug */ = {
			isa = XCBuildConfiguration;
			buildSettings = {
				ALWAYS_EMBED_SWIFT_STANDARD_LIBRARIES = YES;
				CODE_SIGN_STYLE = Automatic;
				CURRENT_PROJECT_VERSION = 1;
				DEVELOPMENT_TEAM = 8Y2NMD7UXB;
				GENERATE_INFOPLIST_FILE = YES;
				MARKETING_VERSION = 1.0;
				PRODUCT_BUNDLE_IDENTIFIER = "com.lramirezsuarez.pointfree.composable-architecture.ComposableArchitectureTests";
				PRODUCT_NAME = "$(TARGET_NAME)";
				SWIFT_EMIT_LOC_STRINGS = NO;
				SWIFT_VERSION = 5.0;
				TARGETED_DEVICE_FAMILY = "1,2";
			};
			name = Debug;
		};
		2E6E438428BD13CD000ED8AE /* Release */ = {
			isa = XCBuildConfiguration;
			buildSettings = {
				ALWAYS_EMBED_SWIFT_STANDARD_LIBRARIES = YES;
				CODE_SIGN_STYLE = Automatic;
				CURRENT_PROJECT_VERSION = 1;
				DEVELOPMENT_TEAM = 8Y2NMD7UXB;
				GENERATE_INFOPLIST_FILE = YES;
				MARKETING_VERSION = 1.0;
				PRODUCT_BUNDLE_IDENTIFIER = "com.lramirezsuarez.pointfree.composable-architecture.ComposableArchitectureTests";
				PRODUCT_NAME = "$(TARGET_NAME)";
				SWIFT_EMIT_LOC_STRINGS = NO;
				SWIFT_VERSION = 5.0;
				TARGETED_DEVICE_FAMILY = "1,2";
			};
			name = Release;
		};
		2E90E2AB28AECA670068A806 /* Debug */ = {
			isa = XCBuildConfiguration;
			buildSettings = {
				ALWAYS_SEARCH_USER_PATHS = NO;
				CLANG_ANALYZER_NONNULL = YES;
				CLANG_ANALYZER_NUMBER_OBJECT_CONVERSION = YES_AGGRESSIVE;
				CLANG_CXX_LANGUAGE_STANDARD = "gnu++17";
				CLANG_ENABLE_MODULES = YES;
				CLANG_ENABLE_OBJC_ARC = YES;
				CLANG_ENABLE_OBJC_WEAK = YES;
				CLANG_WARN_BLOCK_CAPTURE_AUTORELEASING = YES;
				CLANG_WARN_BOOL_CONVERSION = YES;
				CLANG_WARN_COMMA = YES;
				CLANG_WARN_CONSTANT_CONVERSION = YES;
				CLANG_WARN_DEPRECATED_OBJC_IMPLEMENTATIONS = YES;
				CLANG_WARN_DIRECT_OBJC_ISA_USAGE = YES_ERROR;
				CLANG_WARN_DOCUMENTATION_COMMENTS = YES;
				CLANG_WARN_EMPTY_BODY = YES;
				CLANG_WARN_ENUM_CONVERSION = YES;
				CLANG_WARN_INFINITE_RECURSION = YES;
				CLANG_WARN_INT_CONVERSION = YES;
				CLANG_WARN_NON_LITERAL_NULL_CONVERSION = YES;
				CLANG_WARN_OBJC_IMPLICIT_RETAIN_SELF = YES;
				CLANG_WARN_OBJC_LITERAL_CONVERSION = YES;
				CLANG_WARN_OBJC_ROOT_CLASS = YES_ERROR;
				CLANG_WARN_QUOTED_INCLUDE_IN_FRAMEWORK_HEADER = YES;
				CLANG_WARN_RANGE_LOOP_ANALYSIS = YES;
				CLANG_WARN_STRICT_PROTOTYPES = YES;
				CLANG_WARN_SUSPICIOUS_MOVE = YES;
				CLANG_WARN_UNGUARDED_AVAILABILITY = YES_AGGRESSIVE;
				CLANG_WARN_UNREACHABLE_CODE = YES;
				CLANG_WARN__DUPLICATE_METHOD_MATCH = YES;
				COPY_PHASE_STRIP = NO;
				DEBUG_INFORMATION_FORMAT = dwarf;
				ENABLE_STRICT_OBJC_MSGSEND = YES;
				ENABLE_TESTABILITY = YES;
				GCC_C_LANGUAGE_STANDARD = gnu11;
				GCC_DYNAMIC_NO_PIC = NO;
				GCC_NO_COMMON_BLOCKS = YES;
				GCC_OPTIMIZATION_LEVEL = 0;
				GCC_PREPROCESSOR_DEFINITIONS = (
					"DEBUG=1",
					"$(inherited)",
				);
				GCC_WARN_64_TO_32_BIT_CONVERSION = YES;
				GCC_WARN_ABOUT_RETURN_TYPE = YES_ERROR;
				GCC_WARN_UNDECLARED_SELECTOR = YES;
				GCC_WARN_UNINITIALIZED_AUTOS = YES_AGGRESSIVE;
				GCC_WARN_UNUSED_FUNCTION = YES;
				GCC_WARN_UNUSED_VARIABLE = YES;
				IPHONEOS_DEPLOYMENT_TARGET = 15.5;
				MTL_ENABLE_DEBUG_INFO = INCLUDE_SOURCE;
				MTL_FAST_MATH = YES;
				ONLY_ACTIVE_ARCH = YES;
				SDKROOT = iphoneos;
				SWIFT_ACTIVE_COMPILATION_CONDITIONS = DEBUG;
				SWIFT_OPTIMIZATION_LEVEL = "-Onone";
			};
			name = Debug;
		};
		2E90E2AC28AECA670068A806 /* Release */ = {
			isa = XCBuildConfiguration;
			buildSettings = {
				ALWAYS_SEARCH_USER_PATHS = NO;
				CLANG_ANALYZER_NONNULL = YES;
				CLANG_ANALYZER_NUMBER_OBJECT_CONVERSION = YES_AGGRESSIVE;
				CLANG_CXX_LANGUAGE_STANDARD = "gnu++17";
				CLANG_ENABLE_MODULES = YES;
				CLANG_ENABLE_OBJC_ARC = YES;
				CLANG_ENABLE_OBJC_WEAK = YES;
				CLANG_WARN_BLOCK_CAPTURE_AUTORELEASING = YES;
				CLANG_WARN_BOOL_CONVERSION = YES;
				CLANG_WARN_COMMA = YES;
				CLANG_WARN_CONSTANT_CONVERSION = YES;
				CLANG_WARN_DEPRECATED_OBJC_IMPLEMENTATIONS = YES;
				CLANG_WARN_DIRECT_OBJC_ISA_USAGE = YES_ERROR;
				CLANG_WARN_DOCUMENTATION_COMMENTS = YES;
				CLANG_WARN_EMPTY_BODY = YES;
				CLANG_WARN_ENUM_CONVERSION = YES;
				CLANG_WARN_INFINITE_RECURSION = YES;
				CLANG_WARN_INT_CONVERSION = YES;
				CLANG_WARN_NON_LITERAL_NULL_CONVERSION = YES;
				CLANG_WARN_OBJC_IMPLICIT_RETAIN_SELF = YES;
				CLANG_WARN_OBJC_LITERAL_CONVERSION = YES;
				CLANG_WARN_OBJC_ROOT_CLASS = YES_ERROR;
				CLANG_WARN_QUOTED_INCLUDE_IN_FRAMEWORK_HEADER = YES;
				CLANG_WARN_RANGE_LOOP_ANALYSIS = YES;
				CLANG_WARN_STRICT_PROTOTYPES = YES;
				CLANG_WARN_SUSPICIOUS_MOVE = YES;
				CLANG_WARN_UNGUARDED_AVAILABILITY = YES_AGGRESSIVE;
				CLANG_WARN_UNREACHABLE_CODE = YES;
				CLANG_WARN__DUPLICATE_METHOD_MATCH = YES;
				COPY_PHASE_STRIP = NO;
				DEBUG_INFORMATION_FORMAT = "dwarf-with-dsym";
				ENABLE_NS_ASSERTIONS = NO;
				ENABLE_STRICT_OBJC_MSGSEND = YES;
				GCC_C_LANGUAGE_STANDARD = gnu11;
				GCC_NO_COMMON_BLOCKS = YES;
				GCC_WARN_64_TO_32_BIT_CONVERSION = YES;
				GCC_WARN_ABOUT_RETURN_TYPE = YES_ERROR;
				GCC_WARN_UNDECLARED_SELECTOR = YES;
				GCC_WARN_UNINITIALIZED_AUTOS = YES_AGGRESSIVE;
				GCC_WARN_UNUSED_FUNCTION = YES;
				GCC_WARN_UNUSED_VARIABLE = YES;
				IPHONEOS_DEPLOYMENT_TARGET = 15.5;
				MTL_ENABLE_DEBUG_INFO = NO;
				MTL_FAST_MATH = YES;
				SDKROOT = iphoneos;
				SWIFT_COMPILATION_MODE = wholemodule;
				SWIFT_OPTIMIZATION_LEVEL = "-O";
				VALIDATE_PRODUCT = YES;
			};
			name = Release;
		};
		2E90E2AE28AECA670068A806 /* Debug */ = {
			isa = XCBuildConfiguration;
			buildSettings = {
				ALWAYS_EMBED_SWIFT_STANDARD_LIBRARIES = YES;
				ASSETCATALOG_COMPILER_APPICON_NAME = AppIcon;
				ASSETCATALOG_COMPILER_GLOBAL_ACCENT_COLOR_NAME = AccentColor;
				CODE_SIGN_STYLE = Automatic;
				CURRENT_PROJECT_VERSION = 1;
				DEVELOPMENT_ASSET_PATHS = "\"StateManagement/Preview Content\"";
				DEVELOPMENT_TEAM = 8Y2NMD7UXB;
				ENABLE_PREVIEWS = YES;
				GENERATE_INFOPLIST_FILE = YES;
				INFOPLIST_KEY_UIApplicationSceneManifest_Generation = YES;
				INFOPLIST_KEY_UIApplicationSupportsIndirectInputEvents = YES;
				INFOPLIST_KEY_UILaunchScreen_Generation = YES;
				INFOPLIST_KEY_UISupportedInterfaceOrientations_iPad = "UIInterfaceOrientationPortrait UIInterfaceOrientationPortraitUpsideDown UIInterfaceOrientationLandscapeLeft UIInterfaceOrientationLandscapeRight";
				INFOPLIST_KEY_UISupportedInterfaceOrientations_iPhone = "UIInterfaceOrientationPortrait UIInterfaceOrientationLandscapeLeft UIInterfaceOrientationLandscapeRight";
				LD_RUNPATH_SEARCH_PATHS = (
					"$(inherited)",
					"@executable_path/Frameworks",
				);
				MARKETING_VERSION = 1.0;
				PRODUCT_BUNDLE_IDENTIFIER = "com.lramirezsuarez.pointfree.composable-architecture.StateManagement";
				PRODUCT_NAME = "$(TARGET_NAME)";
				SWIFT_EMIT_LOC_STRINGS = YES;
				SWIFT_VERSION = 5.0;
				TARGETED_DEVICE_FAMILY = "1,2";
			};
			name = Debug;
		};
		2E90E2AF28AECA670068A806 /* Release */ = {
			isa = XCBuildConfiguration;
			buildSettings = {
				ALWAYS_EMBED_SWIFT_STANDARD_LIBRARIES = YES;
				ASSETCATALOG_COMPILER_APPICON_NAME = AppIcon;
				ASSETCATALOG_COMPILER_GLOBAL_ACCENT_COLOR_NAME = AccentColor;
				CODE_SIGN_STYLE = Automatic;
				CURRENT_PROJECT_VERSION = 1;
				DEVELOPMENT_ASSET_PATHS = "\"StateManagement/Preview Content\"";
				DEVELOPMENT_TEAM = 8Y2NMD7UXB;
				ENABLE_PREVIEWS = YES;
				GENERATE_INFOPLIST_FILE = YES;
				INFOPLIST_KEY_UIApplicationSceneManifest_Generation = YES;
				INFOPLIST_KEY_UIApplicationSupportsIndirectInputEvents = YES;
				INFOPLIST_KEY_UILaunchScreen_Generation = YES;
				INFOPLIST_KEY_UISupportedInterfaceOrientations_iPad = "UIInterfaceOrientationPortrait UIInterfaceOrientationPortraitUpsideDown UIInterfaceOrientationLandscapeLeft UIInterfaceOrientationLandscapeRight";
				INFOPLIST_KEY_UISupportedInterfaceOrientations_iPhone = "UIInterfaceOrientationPortrait UIInterfaceOrientationLandscapeLeft UIInterfaceOrientationLandscapeRight";
				LD_RUNPATH_SEARCH_PATHS = (
					"$(inherited)",
					"@executable_path/Frameworks",
				);
				MARKETING_VERSION = 1.0;
				PRODUCT_BUNDLE_IDENTIFIER = "com.lramirezsuarez.pointfree.composable-architecture.StateManagement";
				PRODUCT_NAME = "$(TARGET_NAME)";
				SWIFT_EMIT_LOC_STRINGS = YES;
				SWIFT_VERSION = 5.0;
				TARGETED_DEVICE_FAMILY = "1,2";
			};
			name = Release;
		};
		2E90E2B128AECA670068A806 /* Debug */ = {
			isa = XCBuildConfiguration;
			buildSettings = {
				ALWAYS_EMBED_SWIFT_STANDARD_LIBRARIES = YES;
				BUNDLE_LOADER = "$(TEST_HOST)";
				CODE_SIGN_STYLE = Automatic;
				CURRENT_PROJECT_VERSION = 1;
				DEVELOPMENT_TEAM = 8Y2NMD7UXB;
				GENERATE_INFOPLIST_FILE = YES;
				IPHONEOS_DEPLOYMENT_TARGET = 15.5;
				MARKETING_VERSION = 1.0;
				PRODUCT_BUNDLE_IDENTIFIER = "com.lramirezsuarez.pointfree.composable-architecture.StateManagementTests";
				PRODUCT_NAME = "$(TARGET_NAME)";
				SWIFT_EMIT_LOC_STRINGS = NO;
				SWIFT_VERSION = 5.0;
				TARGETED_DEVICE_FAMILY = "1,2";
				TEST_HOST = "$(BUILT_PRODUCTS_DIR)/StateManagement.app/StateManagement";
			};
			name = Debug;
		};
		2E90E2B228AECA670068A806 /* Release */ = {
			isa = XCBuildConfiguration;
			buildSettings = {
				ALWAYS_EMBED_SWIFT_STANDARD_LIBRARIES = YES;
				BUNDLE_LOADER = "$(TEST_HOST)";
				CODE_SIGN_STYLE = Automatic;
				CURRENT_PROJECT_VERSION = 1;
				DEVELOPMENT_TEAM = 8Y2NMD7UXB;
				GENERATE_INFOPLIST_FILE = YES;
				IPHONEOS_DEPLOYMENT_TARGET = 15.5;
				MARKETING_VERSION = 1.0;
				PRODUCT_BUNDLE_IDENTIFIER = "com.lramirezsuarez.pointfree.composable-architecture.StateManagementTests";
				PRODUCT_NAME = "$(TARGET_NAME)";
				SWIFT_EMIT_LOC_STRINGS = NO;
				SWIFT_VERSION = 5.0;
				TARGETED_DEVICE_FAMILY = "1,2";
				TEST_HOST = "$(BUILT_PRODUCTS_DIR)/StateManagement.app/StateManagement";
			};
			name = Release;
		};
		2E90E2B428AECA670068A806 /* Debug */ = {
			isa = XCBuildConfiguration;
			buildSettings = {
				ALWAYS_EMBED_SWIFT_STANDARD_LIBRARIES = YES;
				CODE_SIGN_STYLE = Automatic;
				CURRENT_PROJECT_VERSION = 1;
				DEVELOPMENT_TEAM = 8Y2NMD7UXB;
				GENERATE_INFOPLIST_FILE = YES;
				MARKETING_VERSION = 1.0;
				PRODUCT_BUNDLE_IDENTIFIER = "com.lramirezsuarez.pointfree.composable-architecture.StateManagementUITests";
				PRODUCT_NAME = "$(TARGET_NAME)";
				SWIFT_EMIT_LOC_STRINGS = NO;
				SWIFT_VERSION = 5.0;
				TARGETED_DEVICE_FAMILY = "1,2";
				TEST_TARGET_NAME = StateManagement;
			};
			name = Debug;
		};
		2E90E2B528AECA670068A806 /* Release */ = {
			isa = XCBuildConfiguration;
			buildSettings = {
				ALWAYS_EMBED_SWIFT_STANDARD_LIBRARIES = YES;
				CODE_SIGN_STYLE = Automatic;
				CURRENT_PROJECT_VERSION = 1;
				DEVELOPMENT_TEAM = 8Y2NMD7UXB;
				GENERATE_INFOPLIST_FILE = YES;
				MARKETING_VERSION = 1.0;
				PRODUCT_BUNDLE_IDENTIFIER = "com.lramirezsuarez.pointfree.composable-architecture.StateManagementUITests";
				PRODUCT_NAME = "$(TARGET_NAME)";
				SWIFT_EMIT_LOC_STRINGS = NO;
				SWIFT_VERSION = 5.0;
				TARGETED_DEVICE_FAMILY = "1,2";
				TEST_TARGET_NAME = StateManagement;
			};
			name = Release;
		};
/* End XCBuildConfiguration section */

/* Begin XCConfigurationList section */
		2E6E431D28BD1361000ED8AE /* Build configuration list for PBXNativeTarget "Counter" */ = {
			isa = XCConfigurationList;
			buildConfigurations = (
				2E6E431928BD1361000ED8AE /* Debug */,
				2E6E431A28BD1361000ED8AE /* Release */,
			);
			defaultConfigurationIsVisible = 0;
			defaultConfigurationName = Release;
		};
		2E6E431E28BD1361000ED8AE /* Build configuration list for PBXNativeTarget "CounterTests" */ = {
			isa = XCConfigurationList;
			buildConfigurations = (
				2E6E431B28BD1361000ED8AE /* Debug */,
				2E6E431C28BD1361000ED8AE /* Release */,
			);
			defaultConfigurationIsVisible = 0;
			defaultConfigurationName = Release;
		};
		2E6E433B28BD138B000ED8AE /* Build configuration list for PBXNativeTarget "PrimeModal" */ = {
			isa = XCConfigurationList;
			buildConfigurations = (
				2E6E433C28BD138B000ED8AE /* Debug */,
				2E6E433D28BD138B000ED8AE /* Release */,
			);
			defaultConfigurationIsVisible = 0;
			defaultConfigurationName = Release;
		};
		2E6E433E28BD138B000ED8AE /* Build configuration list for PBXNativeTarget "PrimeModalTests" */ = {
			isa = XCConfigurationList;
			buildConfigurations = (
				2E6E433F28BD138B000ED8AE /* Debug */,
				2E6E434028BD138B000ED8AE /* Release */,
			);
			defaultConfigurationIsVisible = 0;
			defaultConfigurationName = Release;
		};
		2E6E435D28BD139C000ED8AE /* Build configuration list for PBXNativeTarget "FavoritesPrimes" */ = {
			isa = XCConfigurationList;
			buildConfigurations = (
				2E6E435E28BD139C000ED8AE /* Debug */,
				2E6E435F28BD139C000ED8AE /* Release */,
			);
			defaultConfigurationIsVisible = 0;
			defaultConfigurationName = Release;
		};
		2E6E436028BD139C000ED8AE /* Build configuration list for PBXNativeTarget "FavoritesPrimesTests" */ = {
			isa = XCConfigurationList;
			buildConfigurations = (
				2E6E436128BD139C000ED8AE /* Debug */,
				2E6E436228BD139C000ED8AE /* Release */,
			);
			defaultConfigurationIsVisible = 0;
			defaultConfigurationName = Release;
		};
		2E6E437F28BD13CD000ED8AE /* Build configuration list for PBXNativeTarget "ComposableArchitecture" */ = {
			isa = XCConfigurationList;
			buildConfigurations = (
				2E6E438028BD13CD000ED8AE /* Debug */,
				2E6E438128BD13CD000ED8AE /* Release */,
			);
			defaultConfigurationIsVisible = 0;
			defaultConfigurationName = Release;
		};
		2E6E438228BD13CD000ED8AE /* Build configuration list for PBXNativeTarget "ComposableArchitectureTests" */ = {
			isa = XCConfigurationList;
			buildConfigurations = (
				2E6E438328BD13CD000ED8AE /* Debug */,
				2E6E438428BD13CD000ED8AE /* Release */,
			);
			defaultConfigurationIsVisible = 0;
			defaultConfigurationName = Release;
		};
		2E90E28428AECA670068A806 /* Build configuration list for PBXProject "StateManagement" */ = {
			isa = XCConfigurationList;
			buildConfigurations = (
				2E90E2AB28AECA670068A806 /* Debug */,
				2E90E2AC28AECA670068A806 /* Release */,
			);
			defaultConfigurationIsVisible = 0;
			defaultConfigurationName = Release;
		};
		2E90E2AD28AECA670068A806 /* Build configuration list for PBXNativeTarget "StateManagement" */ = {
			isa = XCConfigurationList;
			buildConfigurations = (
				2E90E2AE28AECA670068A806 /* Debug */,
				2E90E2AF28AECA670068A806 /* Release */,
			);
			defaultConfigurationIsVisible = 0;
			defaultConfigurationName = Release;
		};
		2E90E2B028AECA670068A806 /* Build configuration list for PBXNativeTarget "StateManagementTests" */ = {
			isa = XCConfigurationList;
			buildConfigurations = (
				2E90E2B128AECA670068A806 /* Debug */,
				2E90E2B228AECA670068A806 /* Release */,
			);
			defaultConfigurationIsVisible = 0;
			defaultConfigurationName = Release;
		};
		2E90E2B328AECA670068A806 /* Build configuration list for PBXNativeTarget "StateManagementUITests" */ = {
			isa = XCConfigurationList;
			buildConfigurations = (
				2E90E2B428AECA670068A806 /* Debug */,
				2E90E2B528AECA670068A806 /* Release */,
			);
			defaultConfigurationIsVisible = 0;
			defaultConfigurationName = Release;
		};
/* End XCConfigurationList section */

/* Begin XCRemoteSwiftPackageReference section */
		2EE6B48428B9210A004BC9A8 /* XCRemoteSwiftPackageReference "swift-overture" */ = {
			isa = XCRemoteSwiftPackageReference;
			repositoryURL = "https://github.com/pointfreeco/swift-overture.git";
			requirement = {
				kind = upToNextMajorVersion;
				minimumVersion = 0.5.0;
			};
		};
/* End XCRemoteSwiftPackageReference section */

/* Begin XCSwiftPackageProductDependency section */
		2EE6B48528B9210A004BC9A8 /* Overture */ = {
			isa = XCSwiftPackageProductDependency;
			package = 2EE6B48428B9210A004BC9A8 /* XCRemoteSwiftPackageReference "swift-overture" */;
			productName = Overture;
		};
/* End XCSwiftPackageProductDependency section */
	};
	rootObject = 2E90E28128AECA670068A806 /* Project object */;
}
